Microsoft Visual Studio Solution File, Format Version 12.00
# Visual Studio 15
VisualStudioVersion = 15.0.26403.7
MinimumVisualStudioVersion = 10.0.40219.1
Project("{8BC9CEB8-8B4A-11D0-8D11-00A0C91BC942}") = "ALL_BUILD", "ALL_BUILD.vcxproj", "{C9DF154B-D73E-3D11-BCD6-74A0FC26D005}"
	ProjectSection(ProjectDependencies) = postProject
		{A5CF83D6-7D79-3196-B151-F987BF5E0373} = {A5CF83D6-7D79-3196-B151-F987BF5E0373}
		{2B901233-B199-3ACA-BEE9-5301A579E75D} = {2B901233-B199-3ACA-BEE9-5301A579E75D}
		{1F41C42E-BC57-3597-A5DF-8CC7E7644740} = {1F41C42E-BC57-3597-A5DF-8CC7E7644740}
		{46D9A7CD-71F3-31C7-979D-001F5A4BFEC8} = {46D9A7CD-71F3-31C7-979D-001F5A4BFEC8}
		{43404FB6-B6CD-3AAB-99CD-E4DE39D9856B} = {43404FB6-B6CD-3AAB-99CD-E4DE39D9856B}
	EndProjectSection
EndProject
Project("{8BC9CEB8-8B4A-11D0-8D11-00A0C91BC942}") = "Aquila", "Aquila.vcxproj", "{A5CF83D6-7D79-3196-B151-F987BF5E0373}"
	ProjectSection(ProjectDependencies) = postProject
		{2B901233-B199-3ACA-BEE9-5301A579E75D} = {2B901233-B199-3ACA-BEE9-5301A579E75D}
		{43404FB6-B6CD-3AAB-99CD-E4DE39D9856B} = {43404FB6-B6CD-3AAB-99CD-E4DE39D9856B}
	EndProjectSection
EndProject
Project("{8BC9CEB8-8B4A-11D0-8D11-00A0C91BC942}") = "INSTALL", "INSTALL.vcxproj", "{90B04087-ABCC-385E-B337-949BCC2DF383}"
	ProjectSection(ProjectDependencies) = postProject
		{C9DF154B-D73E-3D11-BCD6-74A0FC26D005} = {C9DF154B-D73E-3D11-BCD6-74A0FC26D005}
		{43404FB6-B6CD-3AAB-99CD-E4DE39D9856B} = {43404FB6-B6CD-3AAB-99CD-E4DE39D9856B}
	EndProjectSection
EndProject
Project("{8BC9CEB8-8B4A-11D0-8D11-00A0C91BC942}") = "Ooura_fft", "lib\Ooura_fft.vcxproj", "{2B901233-B199-3ACA-BEE9-5301A579E75D}"
	ProjectSection(ProjectDependencies) = postProject
		{43404FB6-B6CD-3AAB-99CD-E4DE39D9856B} = {43404FB6-B6CD-3AAB-99CD-E4DE39D9856B}
	EndProjectSection
EndProject
Project("{8BC9CEB8-8B4A-11D0-8D11-00A0C91BC942}") = "RUN_TESTS", "RUN_TESTS.vcxproj", "{B7BBAE18-CEF9-3310-8F0B-CFA11F65B98A}"
	ProjectSection(ProjectDependencies) = postProject
		{43404FB6-B6CD-3AAB-99CD-E4DE39D9856B} = {43404FB6-B6CD-3AAB-99CD-E4DE39D9856B}
	EndProjectSection
EndProject
Project("{8BC9CEB8-8B4A-11D0-8D11-00A0C91BC942}") = "TestUnitTest++", "lib\unittestpp\TestUnitTest++.vcxproj", "{1F41C42E-BC57-3597-A5DF-8CC7E7644740}"
	ProjectSection(ProjectDependencies) = postProject
		{46D9A7CD-71F3-31C7-979D-001F5A4BFEC8} = {46D9A7CD-71F3-31C7-979D-001F5A4BFEC8}
		{43404FB6-B6CD-3AAB-99CD-E4DE39D9856B} = {43404FB6-B6CD-3AAB-99CD-E4DE39D9856B}
	EndProjectSection
EndProject
Project("{8BC9CEB8-8B4A-11D0-8D11-00A0C91BC942}") = "UnitTest++", "lib\unittestpp\UnitTest++.vcxproj", "{46D9A7CD-71F3-31C7-979D-001F5A4BFEC8}"
	ProjectSection(ProjectDependencies) = postProject
		{43404FB6-B6CD-3AAB-99CD-E4DE39D9856B} = {43404FB6-B6CD-3AAB-99CD-E4DE39D9856B}
	EndProjectSection
EndProject
Project("{8BC9CEB8-8B4A-11D0-8D11-00A0C91BC942}") = "ZERO_CHECK", "ZERO_CHECK.vcxproj", "{43404FB6-B6CD-3AAB-99CD-E4DE39D9856B}"
EndProject
Project("{8BC9CEB8-8B4A-11D0-8D11-00A0C91BC942}") = "am_modulation", "examples\am_modulation\am_modulation.vcxproj", "{4627D719-E1FF-3434-A0A6-FEFD28FED556}"
	ProjectSection(ProjectDependencies) = postProject
		{A5CF83D6-7D79-3196-B151-F987BF5E0373} = {A5CF83D6-7D79-3196-B151-F987BF5E0373}
		{2B901233-B199-3ACA-BEE9-5301A579E75D} = {2B901233-B199-3ACA-BEE9-5301A579E75D}
		{43404FB6-B6CD-3AAB-99CD-E4DE39D9856B} = {43404FB6-B6CD-3AAB-99CD-E4DE39D9856B}
	EndProjectSection
EndProject
Project("{8BC9CEB8-8B4A-11D0-8D11-00A0C91BC942}") = "aquila_test", "tests\aquila_test.vcxproj", "{4C870D74-2CB4-3925-9630-E745817E1457}"
	ProjectSection(ProjectDependencies) = postProject
		{A5CF83D6-7D79-3196-B151-F987BF5E0373} = {A5CF83D6-7D79-3196-B151-F987BF5E0373}
		{2B901233-B199-3ACA-BEE9-5301A579E75D} = {2B901233-B199-3ACA-BEE9-5301A579E75D}
		{46D9A7CD-71F3-31C7-979D-001F5A4BFEC8} = {46D9A7CD-71F3-31C7-979D-001F5A4BFEC8}
		{43404FB6-B6CD-3AAB-99CD-E4DE39D9856B} = {43404FB6-B6CD-3AAB-99CD-E4DE39D9856B}
	EndProjectSection
EndProject
Project("{8BC9CEB8-8B4A-11D0-8D11-00A0C91BC942}") = "check", "lib\unittestpp\check.vcxproj", "{0DA5ED68-FD12-390F-8B5F-2E089FE997B4}"
	ProjectSection(ProjectDependencies) = postProject
		{1F41C42E-BC57-3597-A5DF-8CC7E7644740} = {1F41C42E-BC57-3597-A5DF-8CC7E7644740}
		{43404FB6-B6CD-3AAB-99CD-E4DE39D9856B} = {43404FB6-B6CD-3AAB-99CD-E4DE39D9856B}
	EndProjectSection
EndProject
Project("{8BC9CEB8-8B4A-11D0-8D11-00A0C91BC942}") = "dtw_path_recovery", "examples\dtw_path_recovery\dtw_path_recovery.vcxproj", "{48428EF5-DD6B-336C-B061-0714BC19F6B4}"
	ProjectSection(ProjectDependencies) = postProject
		{A5CF83D6-7D79-3196-B151-F987BF5E0373} = {A5CF83D6-7D79-3196-B151-F987BF5E0373}
		{2B901233-B199-3ACA-BEE9-5301A579E75D} = {2B901233-B199-3ACA-BEE9-5301A579E75D}
		{43404FB6-B6CD-3AAB-99CD-E4DE39D9856B} = {43404FB6-B6CD-3AAB-99CD-E4DE39D9856B}
	EndProjectSection
EndProject
Project("{8BC9CEB8-8B4A-11D0-8D11-00A0C91BC942}") = "examples", "examples.vcxproj", "{BCB4B3E1-D242-376C-9C4D-CE77A414F495}"
	ProjectSection(ProjectDependencies) = postProject
		{43404FB6-B6CD-3AAB-99CD-E4DE39D9856B} = {43404FB6-B6CD-3AAB-99CD-E4DE39D9856B}
		{4627D719-E1FF-3434-A0A6-FEFD28FED556} = {4627D719-E1FF-3434-A0A6-FEFD28FED556}
		{48428EF5-DD6B-336C-B061-0714BC19F6B4} = {48428EF5-DD6B-336C-B061-0714BC19F6B4}
		{6A612BE1-C457-3DDF-8718-1293F6731CD0} = {6A612BE1-C457-3DDF-8718-1293F6731CD0}
		{C61EE98D-C8B8-3EC0-877B-57356FA3460E} = {C61EE98D-C8B8-3EC0-877B-57356FA3460E}
		{7C28DA69-AEF7-35E8-A20A-BA2573B5AB69} = {7C28DA69-AEF7-35E8-A20A-BA2573B5AB69}
		{4697874D-3CD6-39DE-8E2A-DC9BB62CC8FF} = {4697874D-3CD6-39DE-8E2A-DC9BB62CC8FF}
		{4832E4BA-56AC-3E49-A152-CBAA395C7A81} = {4832E4BA-56AC-3E49-A152-CBAA395C7A81}
		{8FB5B7A8-87CE-35E7-B2F3-E3D1ACFFB366} = {8FB5B7A8-87CE-35E7-B2F3-E3D1ACFFB366}
		{26F33890-1FFA-3E39-AD37-7E4FD8D26B07} = {26F33890-1FFA-3E39-AD37-7E4FD8D26B07}
		{6DE579E5-2398-3EE6-A6FE-2C5B996B9BDF} = {6DE579E5-2398-3EE6-A6FE-2C5B996B9BDF}
		{DE78BD9F-7DDE-311A-A924-980D070F83E1} = {DE78BD9F-7DDE-311A-A924-980D070F83E1}
		{AA24FD7C-5685-3433-9C8D-D02C5605968C} = {AA24FD7C-5685-3433-9C8D-D02C5605968C}
		{788F98E9-A7B5-3FEA-BB1A-BE701C35A842} = {788F98E9-A7B5-3FEA-BB1A-BE701C35A842}
		{E077A4E2-E7FB-3E40-9460-875FA71BC6EE} = {E077A4E2-E7FB-3E40-9460-875FA71BC6EE}
		{D264069A-A7C0-38CE-A827-841DAB28EBEA} = {D264069A-A7C0-38CE-A827-841DAB28EBEA}
		{65057F67-B59D-36CB-AFA3-678FF9A8609D} = {65057F67-B59D-36CB-AFA3-678FF9A8609D}
		{47133B7C-CECE-37CA-B819-05FD3BD14FAE} = {47133B7C-CECE-37CA-B819-05FD3BD14FAE}
		{6EBAB601-624F-3619-8BE0-1978F93422F0} = {6EBAB601-624F-3619-8BE0-1978F93422F0}
	EndProjectSection
EndProject
Project("{8BC9CEB8-8B4A-11D0-8D11-00A0C91BC942}") = "fft_comparison", "examples\fft_comparison\fft_comparison.vcxproj", "{6A612BE1-C457-3DDF-8718-1293F6731CD0}"
	ProjectSection(ProjectDependencies) = postProject
		{A5CF83D6-7D79-3196-B151-F987BF5E0373} = {A5CF83D6-7D79-3196-B151-F987BF5E0373}
		{2B901233-B199-3ACA-BEE9-5301A579E75D} = {2B901233-B199-3ACA-BEE9-5301A579E75D}
		{43404FB6-B6CD-3AAB-99CD-E4DE39D9856B} = {43404FB6-B6CD-3AAB-99CD-E4DE39D9856B}
	EndProjectSection
EndProject
Project("{8BC9CEB8-8B4A-11D0-8D11-00A0C91BC942}") = "fft_filter", "examples\fft_filter\fft_filter.vcxproj", "{C61EE98D-C8B8-3EC0-877B-57356FA3460E}"
	ProjectSection(ProjectDependencies) = postProject
		{A5CF83D6-7D79-3196-B151-F987BF5E0373} = {A5CF83D6-7D79-3196-B151-F987BF5E0373}
		{2B901233-B199-3ACA-BEE9-5301A579E75D} = {2B901233-B199-3ACA-BEE9-5301A579E75D}
		{43404FB6-B6CD-3AAB-99CD-E4DE39D9856B} = {43404FB6-B6CD-3AAB-99CD-E4DE39D9856B}
	EndProjectSection
EndProject
Project("{8BC9CEB8-8B4A-11D0-8D11-00A0C91BC942}") = "fft_simple_spectrum", "examples\fft_simple_spectrum\fft_simple_spectrum.vcxproj", "{7C28DA69-AEF7-35E8-A20A-BA2573B5AB69}"
	ProjectSection(ProjectDependencies) = postProject
		{A5CF83D6-7D79-3196-B151-F987BF5E0373} = {A5CF83D6-7D79-3196-B151-F987BF5E0373}
		{2B901233-B199-3ACA-BEE9-5301A579E75D} = {2B901233-B199-3ACA-BEE9-5301A579E75D}
		{43404FB6-B6CD-3AAB-99CD-E4DE39D9856B} = {43404FB6-B6CD-3AAB-99CD-E4DE39D9856B}
	EndProjectSection
EndProject
Project("{8BC9CEB8-8B4A-11D0-8D11-00A0C91BC942}") = "frame_iteration", "examples\frame_iteration\frame_iteration.vcxproj", "{4697874D-3CD6-39DE-8E2A-DC9BB62CC8FF}"
	ProjectSection(ProjectDependencies) = postProject
		{A5CF83D6-7D79-3196-B151-F987BF5E0373} = {A5CF83D6-7D79-3196-B151-F987BF5E0373}
		{2B901233-B199-3ACA-BEE9-5301A579E75D} = {2B901233-B199-3ACA-BEE9-5301A579E75D}
		{43404FB6-B6CD-3AAB-99CD-E4DE39D9856B} = {43404FB6-B6CD-3AAB-99CD-E4DE39D9856B}
	EndProjectSection
EndProject
Project("{8BC9CEB8-8B4A-11D0-8D11-00A0C91BC942}") = "generators", "examples\generators\generators.vcxproj", "{4832E4BA-56AC-3E49-A152-CBAA395C7A81}"
	ProjectSection(ProjectDependencies) = postProject
		{A5CF83D6-7D79-3196-B151-F987BF5E0373} = {A5CF83D6-7D79-3196-B151-F987BF5E0373}
		{2B901233-B199-3ACA-BEE9-5301A579E75D} = {2B901233-B199-3ACA-BEE9-5301A579E75D}
		{43404FB6-B6CD-3AAB-99CD-E4DE39D9856B} = {43404FB6-B6CD-3AAB-99CD-E4DE39D9856B}
	EndProjectSection
EndProject
Project("{8BC9CEB8-8B4A-11D0-8D11-00A0C91BC942}") = "mfcc_calculation", "examples\mfcc_calculation\mfcc_calculation.vcxproj", "{8FB5B7A8-87CE-35E7-B2F3-E3D1ACFFB366}"
	ProjectSection(ProjectDependencies) = postProject
		{A5CF83D6-7D79-3196-B151-F987BF5E0373} = {A5CF83D6-7D79-3196-B151-F987BF5E0373}
		{2B901233-B199-3ACA-BEE9-5301A579E75D} = {2B901233-B199-3ACA-BEE9-5301A579E75D}
		{43404FB6-B6CD-3AAB-99CD-E4DE39D9856B} = {43404FB6-B6CD-3AAB-99CD-E4DE39D9856B}
	EndProjectSection
EndProject
Project("{8BC9CEB8-8B4A-11D0-8D11-00A0C91BC942}") = "sine_generator", "examples\sine_generator\sine_generator.vcxproj", "{26F33890-1FFA-3E39-AD37-7E4FD8D26B07}"
	ProjectSection(ProjectDependencies) = postProject
		{A5CF83D6-7D79-3196-B151-F987BF5E0373} = {A5CF83D6-7D79-3196-B151-F987BF5E0373}
		{2B901233-B199-3ACA-BEE9-5301A579E75D} = {2B901233-B199-3ACA-BEE9-5301A579E75D}
		{43404FB6-B6CD-3AAB-99CD-E4DE39D9856B} = {43404FB6-B6CD-3AAB-99CD-E4DE39D9856B}
	EndProjectSection
EndProject
Project("{8BC9CEB8-8B4A-11D0-8D11-00A0C91BC942}") = "spectrogram", "examples\spectrogram\spectrogram.vcxproj", "{6DE579E5-2398-3EE6-A6FE-2C5B996B9BDF}"
	ProjectSection(ProjectDependencies) = postProject
		{A5CF83D6-7D79-3196-B151-F987BF5E0373} = {A5CF83D6-7D79-3196-B151-F987BF5E0373}
		{2B901233-B199-3ACA-BEE9-5301A579E75D} = {2B901233-B199-3ACA-BEE9-5301A579E75D}
		{43404FB6-B6CD-3AAB-99CD-E4DE39D9856B} = {43404FB6-B6CD-3AAB-99CD-E4DE39D9856B}
	EndProjectSection
EndProject
Project("{8BC9CEB8-8B4A-11D0-8D11-00A0C91BC942}") = "square_generator", "examples\square_generator\square_generator.vcxproj", "{DE78BD9F-7DDE-311A-A924-980D070F83E1}"
	ProjectSection(ProjectDependencies) = postProject
		{A5CF83D6-7D79-3196-B151-F987BF5E0373} = {A5CF83D6-7D79-3196-B151-F987BF5E0373}
		{2B901233-B199-3ACA-BEE9-5301A579E75D} = {2B901233-B199-3ACA-BEE9-5301A579E75D}
		{43404FB6-B6CD-3AAB-99CD-E4DE39D9856B} = {43404FB6-B6CD-3AAB-99CD-E4DE39D9856B}
	EndProjectSection
EndProject
Project("{8BC9CEB8-8B4A-11D0-8D11-00A0C91BC942}") = "text_plot", "examples\text_plot\text_plot.vcxproj", "{AA24FD7C-5685-3433-9C8D-D02C5605968C}"
	ProjectSection(ProjectDependencies) = postProject
		{A5CF83D6-7D79-3196-B151-F987BF5E0373} = {A5CF83D6-7D79-3196-B151-F987BF5E0373}
		{2B901233-B199-3ACA-BEE9-5301A579E75D} = {2B901233-B199-3ACA-BEE9-5301A579E75D}
		{43404FB6-B6CD-3AAB-99CD-E4DE39D9856B} = {43404FB6-B6CD-3AAB-99CD-E4DE39D9856B}
	EndProjectSection
EndProject
Project("{8BC9CEB8-8B4A-11D0-8D11-00A0C91BC942}") = "triangle_generator", "examples\triangle_generator\triangle_generator.vcxproj", "{788F98E9-A7B5-3FEA-BB1A-BE701C35A842}"
	ProjectSection(ProjectDependencies) = postProject
		{A5CF83D6-7D79-3196-B151-F987BF5E0373} = {A5CF83D6-7D79-3196-B151-F987BF5E0373}
		{2B901233-B199-3ACA-BEE9-5301A579E75D} = {2B901233-B199-3ACA-BEE9-5301A579E75D}
		{43404FB6-B6CD-3AAB-99CD-E4DE39D9856B} = {43404FB6-B6CD-3AAB-99CD-E4DE39D9856B}
	EndProjectSection
EndProject
Project("{8BC9CEB8-8B4A-11D0-8D11-00A0C91BC942}") = "uninstall", "uninstall.vcxproj", "{61BE5A8D-7EEF-3456-8904-1B175684D8B6}"
	ProjectSection(ProjectDependencies) = postProject
		{43404FB6-B6CD-3AAB-99CD-E4DE39D9856B} = {43404FB6-B6CD-3AAB-99CD-E4DE39D9856B}
	EndProjectSection
EndProject
Project("{8BC9CEB8-8B4A-11D0-8D11-00A0C91BC942}") = "utility_functions", "examples\utility_functions\utility_functions.vcxproj", "{E077A4E2-E7FB-3E40-9460-875FA71BC6EE}"
	ProjectSection(ProjectDependencies) = postProject
		{A5CF83D6-7D79-3196-B151-F987BF5E0373} = {A5CF83D6-7D79-3196-B151-F987BF5E0373}
		{2B901233-B199-3ACA-BEE9-5301A579E75D} = {2B901233-B199-3ACA-BEE9-5301A579E75D}
		{43404FB6-B6CD-3AAB-99CD-E4DE39D9856B} = {43404FB6-B6CD-3AAB-99CD-E4DE39D9856B}
	EndProjectSection
EndProject
Project("{8BC9CEB8-8B4A-11D0-8D11-00A0C91BC942}") = "wave_info", "examples\wave_info\wave_info.vcxproj", "{D264069A-A7C0-38CE-A827-841DAB28EBEA}"
	ProjectSection(ProjectDependencies) = postProject
		{A5CF83D6-7D79-3196-B151-F987BF5E0373} = {A5CF83D6-7D79-3196-B151-F987BF5E0373}
		{2B901233-B199-3ACA-BEE9-5301A579E75D} = {2B901233-B199-3ACA-BEE9-5301A579E75D}
		{43404FB6-B6CD-3AAB-99CD-E4DE39D9856B} = {43404FB6-B6CD-3AAB-99CD-E4DE39D9856B}
	EndProjectSection
EndProject
Project("{8BC9CEB8-8B4A-11D0-8D11-00A0C91BC942}") = "wave_iteration", "examples\wave_iteration\wave_iteration.vcxproj", "{65057F67-B59D-36CB-AFA3-678FF9A8609D}"
	ProjectSection(ProjectDependencies) = postProject
		{A5CF83D6-7D79-3196-B151-F987BF5E0373} = {A5CF83D6-7D79-3196-B151-F987BF5E0373}
		{2B901233-B199-3ACA-BEE9-5301A579E75D} = {2B901233-B199-3ACA-BEE9-5301A579E75D}
		{43404FB6-B6CD-3AAB-99CD-E4DE39D9856B} = {43404FB6-B6CD-3AAB-99CD-E4DE39D9856B}
	EndProjectSection
EndProject
Project("{8BC9CEB8-8B4A-11D0-8D11-00A0C91BC942}") = "window_plot", "examples\window_plot\window_plot.vcxproj", "{47133B7C-CECE-37CA-B819-05FD3BD14FAE}"
	ProjectSection(ProjectDependencies) = postProject
		{A5CF83D6-7D79-3196-B151-F987BF5E0373} = {A5CF83D6-7D79-3196-B151-F987BF5E0373}
		{2B901233-B199-3ACA-BEE9-5301A579E75D} = {2B901233-B199-3ACA-BEE9-5301A579E75D}
		{43404FB6-B6CD-3AAB-99CD-E4DE39D9856B} = {43404FB6-B6CD-3AAB-99CD-E4DE39D9856B}
	EndProjectSection
EndProject
Project("{8BC9CEB8-8B4A-11D0-8D11-00A0C91BC942}") = "window_usage", "examples\window_usage\window_usage.vcxproj", "{6EBAB601-624F-3619-8BE0-1978F93422F0}"
	ProjectSection(ProjectDependencies) = postProject
		{A5CF83D6-7D79-3196-B151-F987BF5E0373} = {A5CF83D6-7D79-3196-B151-F987BF5E0373}
		{2B901233-B199-3ACA-BEE9-5301A579E75D} = {2B901233-B199-3ACA-BEE9-5301A579E75D}
		{43404FB6-B6CD-3AAB-99CD-E4DE39D9856B} = {43404FB6-B6CD-3AAB-99CD-E4DE39D9856B}
	EndProjectSection
EndProject
Project("{8BC9CEB8-8B4A-11D0-8D11-00A0C91BC942}") = "provaLetturaScritturaCSV", "..\Aquila\provaLetturaScritturaCSV\provaLetturaScritturaCSV.vcxproj", "{C3753BD5-A127-40E0-B66D-F1A85E2CF27F}"
EndProject
Project("{8BC9CEB8-8B4A-11D0-8D11-00A0C91BC942}") = "analisi_file_audio", "..\Aquila\analisi_file_audio\analisi_file_audio.vcxproj", "{00CB37F0-449B-4D16-B0FF-C715CA083F4F}"
EndProject
Project("{8BC9CEB8-8B4A-11D0-8D11-00A0C91BC942}") = "analisi_file_audio_1spf", "..\Aquila\analisi_file_audio_1spf\analisi_file_audio_1spf.vcxproj", "{1B3B424D-8D0D-4B1C-B351-8DB6B9AB3962}"
EndProject
Project("{8BC9CEB8-8B4A-11D0-8D11-00A0C91BC942}") = "analisi_file_audio_500mspf", "..\Aquila\analisi_file_audio_500mspf\analisi_file_audio_500mspf.vcxproj", "{7B41370D-15D0-438D-8375-4E249B7BEA38}"
EndProject
Project("{8BC9CEB8-8B4A-11D0-8D11-00A0C91BC942}") = "analisi_persona_arrabbiata", "..\Aquila\analisi_persona_arrabbiata\analisi_persona_arrabbiata.vcxproj", "{F29EE15B-EAC2-430C-A430-528619C9A1BE}"
EndProject
Global
	GlobalSection(SolutionConfigurationPlatforms) = preSolution
		Debug|Win32 = Debug|Win32
		Debug|x64 = Debug|x64
		MinSizeRel|Win32 = MinSizeRel|Win32
		MinSizeRel|x64 = MinSizeRel|x64
		Release|Win32 = Release|Win32
		Release|x64 = Release|x64
		RelWithDebInfo|Win32 = RelWithDebInfo|Win32
		RelWithDebInfo|x64 = RelWithDebInfo|x64
	EndGlobalSection
	GlobalSection(ProjectConfigurationPlatforms) = postSolution
		{C9DF154B-D73E-3D11-BCD6-74A0FC26D005}.Debug|Win32.ActiveCfg = Debug|Win32
		{C9DF154B-D73E-3D11-BCD6-74A0FC26D005}.Debug|Win32.Build.0 = Debug|Win32
		{C9DF154B-D73E-3D11-BCD6-74A0FC26D005}.Debug|x64.ActiveCfg = Debug|Win32
		{C9DF154B-D73E-3D11-BCD6-74A0FC26D005}.MinSizeRel|Win32.ActiveCfg = MinSizeRel|Win32
		{C9DF154B-D73E-3D11-BCD6-74A0FC26D005}.MinSizeRel|Win32.Build.0 = MinSizeRel|Win32
		{C9DF154B-D73E-3D11-BCD6-74A0FC26D005}.MinSizeRel|x64.ActiveCfg = MinSizeRel|Win32
		{C9DF154B-D73E-3D11-BCD6-74A0FC26D005}.Release|Win32.ActiveCfg = Release|Win32
		{C9DF154B-D73E-3D11-BCD6-74A0FC26D005}.Release|Win32.Build.0 = Release|Win32
		{C9DF154B-D73E-3D11-BCD6-74A0FC26D005}.Release|x64.ActiveCfg = Release|Win32
		{C9DF154B-D73E-3D11-BCD6-74A0FC26D005}.RelWithDebInfo|Win32.ActiveCfg = RelWithDebInfo|Win32
		{C9DF154B-D73E-3D11-BCD6-74A0FC26D005}.RelWithDebInfo|Win32.Build.0 = RelWithDebInfo|Win32
		{C9DF154B-D73E-3D11-BCD6-74A0FC26D005}.RelWithDebInfo|x64.ActiveCfg = RelWithDebInfo|Win32
		{A5CF83D6-7D79-3196-B151-F987BF5E0373}.Debug|Win32.ActiveCfg = Debug|Win32
		{A5CF83D6-7D79-3196-B151-F987BF5E0373}.Debug|Win32.Build.0 = Debug|Win32
		{A5CF83D6-7D79-3196-B151-F987BF5E0373}.Debug|x64.ActiveCfg = Debug|Win32
		{A5CF83D6-7D79-3196-B151-F987BF5E0373}.MinSizeRel|Win32.ActiveCfg = MinSizeRel|Win32
		{A5CF83D6-7D79-3196-B151-F987BF5E0373}.MinSizeRel|Win32.Build.0 = MinSizeRel|Win32
		{A5CF83D6-7D79-3196-B151-F987BF5E0373}.MinSizeRel|x64.ActiveCfg = MinSizeRel|Win32
		{A5CF83D6-7D79-3196-B151-F987BF5E0373}.Release|Win32.ActiveCfg = Release|Win32
		{A5CF83D6-7D79-3196-B151-F987BF5E0373}.Release|Win32.Build.0 = Release|Win32
		{A5CF83D6-7D79-3196-B151-F987BF5E0373}.Release|x64.ActiveCfg = Release|Win32
		{A5CF83D6-7D79-3196-B151-F987BF5E0373}.RelWithDebInfo|Win32.ActiveCfg = RelWithDebInfo|Win32
		{A5CF83D6-7D79-3196-B151-F987BF5E0373}.RelWithDebInfo|Win32.Build.0 = RelWithDebInfo|Win32
		{A5CF83D6-7D79-3196-B151-F987BF5E0373}.RelWithDebInfo|x64.ActiveCfg = RelWithDebInfo|Win32
		{90B04087-ABCC-385E-B337-949BCC2DF383}.Debug|Win32.ActiveCfg = Debug|Win32
		{90B04087-ABCC-385E-B337-949BCC2DF383}.Debug|x64.ActiveCfg = Debug|Win32
		{90B04087-ABCC-385E-B337-949BCC2DF383}.MinSizeRel|Win32.ActiveCfg = MinSizeRel|Win32
		{90B04087-ABCC-385E-B337-949BCC2DF383}.MinSizeRel|x64.ActiveCfg = MinSizeRel|Win32
		{90B04087-ABCC-385E-B337-949BCC2DF383}.Release|Win32.ActiveCfg = Release|Win32
		{90B04087-ABCC-385E-B337-949BCC2DF383}.Release|x64.ActiveCfg = Release|Win32
		{90B04087-ABCC-385E-B337-949BCC2DF383}.RelWithDebInfo|Win32.ActiveCfg = RelWithDebInfo|Win32
		{90B04087-ABCC-385E-B337-949BCC2DF383}.RelWithDebInfo|x64.ActiveCfg = RelWithDebInfo|Win32
		{2B901233-B199-3ACA-BEE9-5301A579E75D}.Debug|Win32.ActiveCfg = Debug|Win32
		{2B901233-B199-3ACA-BEE9-5301A579E75D}.Debug|Win32.Build.0 = Debug|Win32
		{2B901233-B199-3ACA-BEE9-5301A579E75D}.Debug|x64.ActiveCfg = Debug|Win32
		{2B901233-B199-3ACA-BEE9-5301A579E75D}.MinSizeRel|Win32.ActiveCfg = MinSizeRel|Win32
		{2B901233-B199-3ACA-BEE9-5301A579E75D}.MinSizeRel|Win32.Build.0 = MinSizeRel|Win32
		{2B901233-B199-3ACA-BEE9-5301A579E75D}.MinSizeRel|x64.ActiveCfg = MinSizeRel|Win32
		{2B901233-B199-3ACA-BEE9-5301A579E75D}.Release|Win32.ActiveCfg = Release|Win32
		{2B901233-B199-3ACA-BEE9-5301A579E75D}.Release|Win32.Build.0 = Release|Win32
		{2B901233-B199-3ACA-BEE9-5301A579E75D}.Release|x64.ActiveCfg = Release|Win32
		{2B901233-B199-3ACA-BEE9-5301A579E75D}.RelWithDebInfo|Win32.ActiveCfg = RelWithDebInfo|Win32
		{2B901233-B199-3ACA-BEE9-5301A579E75D}.RelWithDebInfo|Win32.Build.0 = RelWithDebInfo|Win32
		{2B901233-B199-3ACA-BEE9-5301A579E75D}.RelWithDebInfo|x64.ActiveCfg = RelWithDebInfo|Win32
		{B7BBAE18-CEF9-3310-8F0B-CFA11F65B98A}.Debug|Win32.ActiveCfg = Debug|Win32
		{B7BBAE18-CEF9-3310-8F0B-CFA11F65B98A}.Debug|x64.ActiveCfg = Debug|Win32
		{B7BBAE18-CEF9-3310-8F0B-CFA11F65B98A}.MinSizeRel|Win32.ActiveCfg = MinSizeRel|Win32
		{B7BBAE18-CEF9-3310-8F0B-CFA11F65B98A}.MinSizeRel|x64.ActiveCfg = MinSizeRel|Win32
		{B7BBAE18-CEF9-3310-8F0B-CFA11F65B98A}.Release|Win32.ActiveCfg = Release|Win32
		{B7BBAE18-CEF9-3310-8F0B-CFA11F65B98A}.Release|x64.ActiveCfg = Release|Win32
		{B7BBAE18-CEF9-3310-8F0B-CFA11F65B98A}.RelWithDebInfo|Win32.ActiveCfg = RelWithDebInfo|Win32
		{B7BBAE18-CEF9-3310-8F0B-CFA11F65B98A}.RelWithDebInfo|x64.ActiveCfg = RelWithDebInfo|Win32
		{1F41C42E-BC57-3597-A5DF-8CC7E7644740}.Debug|Win32.ActiveCfg = Debug|Win32
		{1F41C42E-BC57-3597-A5DF-8CC7E7644740}.Debug|Win32.Build.0 = Debug|Win32
		{1F41C42E-BC57-3597-A5DF-8CC7E7644740}.Debug|x64.ActiveCfg = Debug|Win32
		{1F41C42E-BC57-3597-A5DF-8CC7E7644740}.MinSizeRel|Win32.ActiveCfg = MinSizeRel|Win32
		{1F41C42E-BC57-3597-A5DF-8CC7E7644740}.MinSizeRel|Win32.Build.0 = MinSizeRel|Win32
		{1F41C42E-BC57-3597-A5DF-8CC7E7644740}.MinSizeRel|x64.ActiveCfg = MinSizeRel|Win32
		{1F41C42E-BC57-3597-A5DF-8CC7E7644740}.Release|Win32.ActiveCfg = Release|Win32
		{1F41C42E-BC57-3597-A5DF-8CC7E7644740}.Release|Win32.Build.0 = Release|Win32
		{1F41C42E-BC57-3597-A5DF-8CC7E7644740}.Release|x64.ActiveCfg = Release|Win32
		{1F41C42E-BC57-3597-A5DF-8CC7E7644740}.RelWithDebInfo|Win32.ActiveCfg = RelWithDebInfo|Win32
		{1F41C42E-BC57-3597-A5DF-8CC7E7644740}.RelWithDebInfo|Win32.Build.0 = RelWithDebInfo|Win32
		{1F41C42E-BC57-3597-A5DF-8CC7E7644740}.RelWithDebInfo|x64.ActiveCfg = RelWithDebInfo|Win32
		{46D9A7CD-71F3-31C7-979D-001F5A4BFEC8}.Debug|Win32.ActiveCfg = Debug|Win32
		{46D9A7CD-71F3-31C7-979D-001F5A4BFEC8}.Debug|Win32.Build.0 = Debug|Win32
		{46D9A7CD-71F3-31C7-979D-001F5A4BFEC8}.Debug|x64.ActiveCfg = Debug|Win32
		{46D9A7CD-71F3-31C7-979D-001F5A4BFEC8}.MinSizeRel|Win32.ActiveCfg = MinSizeRel|Win32
		{46D9A7CD-71F3-31C7-979D-001F5A4BFEC8}.MinSizeRel|Win32.Build.0 = MinSizeRel|Win32
		{46D9A7CD-71F3-31C7-979D-001F5A4BFEC8}.MinSizeRel|x64.ActiveCfg = MinSizeRel|Win32
		{46D9A7CD-71F3-31C7-979D-001F5A4BFEC8}.Release|Win32.ActiveCfg = Release|Win32
		{46D9A7CD-71F3-31C7-979D-001F5A4BFEC8}.Release|Win32.Build.0 = Release|Win32
		{46D9A7CD-71F3-31C7-979D-001F5A4BFEC8}.Release|x64.ActiveCfg = Release|Win32
		{46D9A7CD-71F3-31C7-979D-001F5A4BFEC8}.RelWithDebInfo|Win32.ActiveCfg = RelWithDebInfo|Win32
		{46D9A7CD-71F3-31C7-979D-001F5A4BFEC8}.RelWithDebInfo|Win32.Build.0 = RelWithDebInfo|Win32
		{46D9A7CD-71F3-31C7-979D-001F5A4BFEC8}.RelWithDebInfo|x64.ActiveCfg = RelWithDebInfo|Win32
		{43404FB6-B6CD-3AAB-99CD-E4DE39D9856B}.Debug|Win32.ActiveCfg = Debug|Win32
		{43404FB6-B6CD-3AAB-99CD-E4DE39D9856B}.Debug|Win32.Build.0 = Debug|Win32
		{43404FB6-B6CD-3AAB-99CD-E4DE39D9856B}.Debug|x64.ActiveCfg = Debug|Win32
		{43404FB6-B6CD-3AAB-99CD-E4DE39D9856B}.MinSizeRel|Win32.ActiveCfg = MinSizeRel|Win32
		{43404FB6-B6CD-3AAB-99CD-E4DE39D9856B}.MinSizeRel|Win32.Build.0 = MinSizeRel|Win32
		{43404FB6-B6CD-3AAB-99CD-E4DE39D9856B}.MinSizeRel|x64.ActiveCfg = MinSizeRel|Win32
		{43404FB6-B6CD-3AAB-99CD-E4DE39D9856B}.Release|Win32.ActiveCfg = Release|Win32
		{43404FB6-B6CD-3AAB-99CD-E4DE39D9856B}.Release|Win32.Build.0 = Release|Win32
		{43404FB6-B6CD-3AAB-99CD-E4DE39D9856B}.Release|x64.ActiveCfg = Release|Win32
		{43404FB6-B6CD-3AAB-99CD-E4DE39D9856B}.RelWithDebInfo|Win32.ActiveCfg = RelWithDebInfo|Win32
		{43404FB6-B6CD-3AAB-99CD-E4DE39D9856B}.RelWithDebInfo|Win32.Build.0 = RelWithDebInfo|Win32
		{43404FB6-B6CD-3AAB-99CD-E4DE39D9856B}.RelWithDebInfo|x64.ActiveCfg = RelWithDebInfo|Win32
		{4627D719-E1FF-3434-A0A6-FEFD28FED556}.Debug|Win32.ActiveCfg = Debug|Win32
		{4627D719-E1FF-3434-A0A6-FEFD28FED556}.Debug|Win32.Build.0 = Debug|Win32
		{4627D719-E1FF-3434-A0A6-FEFD28FED556}.Debug|x64.ActiveCfg = Debug|Win32
		{4627D719-E1FF-3434-A0A6-FEFD28FED556}.MinSizeRel|Win32.ActiveCfg = MinSizeRel|Win32
		{4627D719-E1FF-3434-A0A6-FEFD28FED556}.MinSizeRel|Win32.Build.0 = MinSizeRel|Win32
		{4627D719-E1FF-3434-A0A6-FEFD28FED556}.MinSizeRel|x64.ActiveCfg = MinSizeRel|Win32
		{4627D719-E1FF-3434-A0A6-FEFD28FED556}.Release|Win32.ActiveCfg = Release|Win32
		{4627D719-E1FF-3434-A0A6-FEFD28FED556}.Release|Win32.Build.0 = Release|Win32
		{4627D719-E1FF-3434-A0A6-FEFD28FED556}.Release|x64.ActiveCfg = Release|Win32
		{4627D719-E1FF-3434-A0A6-FEFD28FED556}.RelWithDebInfo|Win32.ActiveCfg = RelWithDebInfo|Win32
		{4627D719-E1FF-3434-A0A6-FEFD28FED556}.RelWithDebInfo|Win32.Build.0 = RelWithDebInfo|Win32
		{4627D719-E1FF-3434-A0A6-FEFD28FED556}.RelWithDebInfo|x64.ActiveCfg = RelWithDebInfo|Win32
		{4C870D74-2CB4-3925-9630-E745817E1457}.Debug|Win32.ActiveCfg = Debug|Win32
		{4C870D74-2CB4-3925-9630-E745817E1457}.Debug|Win32.Build.0 = Debug|Win32
		{4C870D74-2CB4-3925-9630-E745817E1457}.Debug|x64.ActiveCfg = Debug|Win32
		{4C870D74-2CB4-3925-9630-E745817E1457}.MinSizeRel|Win32.ActiveCfg = MinSizeRel|Win32
		{4C870D74-2CB4-3925-9630-E745817E1457}.MinSizeRel|Win32.Build.0 = MinSizeRel|Win32
		{4C870D74-2CB4-3925-9630-E745817E1457}.MinSizeRel|x64.ActiveCfg = MinSizeRel|Win32
		{4C870D74-2CB4-3925-9630-E745817E1457}.Release|Win32.ActiveCfg = Release|Win32
		{4C870D74-2CB4-3925-9630-E745817E1457}.Release|Win32.Build.0 = Release|Win32
		{4C870D74-2CB4-3925-9630-E745817E1457}.Release|x64.ActiveCfg = Release|Win32
		{4C870D74-2CB4-3925-9630-E745817E1457}.RelWithDebInfo|Win32.ActiveCfg = RelWithDebInfo|Win32
		{4C870D74-2CB4-3925-9630-E745817E1457}.RelWithDebInfo|Win32.Build.0 = RelWithDebInfo|Win32
		{4C870D74-2CB4-3925-9630-E745817E1457}.RelWithDebInfo|x64.ActiveCfg = RelWithDebInfo|Win32
		{0DA5ED68-FD12-390F-8B5F-2E089FE997B4}.Debug|Win32.ActiveCfg = Debug|Win32
		{0DA5ED68-FD12-390F-8B5F-2E089FE997B4}.Debug|x64.ActiveCfg = Debug|Win32
		{0DA5ED68-FD12-390F-8B5F-2E089FE997B4}.MinSizeRel|Win32.ActiveCfg = MinSizeRel|Win32
		{0DA5ED68-FD12-390F-8B5F-2E089FE997B4}.MinSizeRel|x64.ActiveCfg = MinSizeRel|Win32
		{0DA5ED68-FD12-390F-8B5F-2E089FE997B4}.Release|Win32.ActiveCfg = Release|Win32
		{0DA5ED68-FD12-390F-8B5F-2E089FE997B4}.Release|x64.ActiveCfg = Release|Win32
		{0DA5ED68-FD12-390F-8B5F-2E089FE997B4}.RelWithDebInfo|Win32.ActiveCfg = RelWithDebInfo|Win32
		{0DA5ED68-FD12-390F-8B5F-2E089FE997B4}.RelWithDebInfo|x64.ActiveCfg = RelWithDebInfo|Win32
		{48428EF5-DD6B-336C-B061-0714BC19F6B4}.Debug|Win32.ActiveCfg = Debug|Win32
		{48428EF5-DD6B-336C-B061-0714BC19F6B4}.Debug|Win32.Build.0 = Debug|Win32
		{48428EF5-DD6B-336C-B061-0714BC19F6B4}.Debug|x64.ActiveCfg = Debug|Win32
		{48428EF5-DD6B-336C-B061-0714BC19F6B4}.MinSizeRel|Win32.ActiveCfg = MinSizeRel|Win32
		{48428EF5-DD6B-336C-B061-0714BC19F6B4}.MinSizeRel|Win32.Build.0 = MinSizeRel|Win32
		{48428EF5-DD6B-336C-B061-0714BC19F6B4}.MinSizeRel|x64.ActiveCfg = MinSizeRel|Win32
		{48428EF5-DD6B-336C-B061-0714BC19F6B4}.Release|Win32.ActiveCfg = Release|Win32
		{48428EF5-DD6B-336C-B061-0714BC19F6B4}.Release|Win32.Build.0 = Release|Win32
		{48428EF5-DD6B-336C-B061-0714BC19F6B4}.Release|x64.ActiveCfg = Release|Win32
		{48428EF5-DD6B-336C-B061-0714BC19F6B4}.RelWithDebInfo|Win32.ActiveCfg = RelWithDebInfo|Win32
		{48428EF5-DD6B-336C-B061-0714BC19F6B4}.RelWithDebInfo|Win32.Build.0 = RelWithDebInfo|Win32
		{48428EF5-DD6B-336C-B061-0714BC19F6B4}.RelWithDebInfo|x64.ActiveCfg = RelWithDebInfo|Win32
		{BCB4B3E1-D242-376C-9C4D-CE77A414F495}.Debug|Win32.ActiveCfg = Debug|Win32
		{BCB4B3E1-D242-376C-9C4D-CE77A414F495}.Debug|x64.ActiveCfg = Debug|Win32
		{BCB4B3E1-D242-376C-9C4D-CE77A414F495}.MinSizeRel|Win32.ActiveCfg = MinSizeRel|Win32
		{BCB4B3E1-D242-376C-9C4D-CE77A414F495}.MinSizeRel|x64.ActiveCfg = MinSizeRel|Win32
		{BCB4B3E1-D242-376C-9C4D-CE77A414F495}.Release|Win32.ActiveCfg = Release|Win32
		{BCB4B3E1-D242-376C-9C4D-CE77A414F495}.Release|x64.ActiveCfg = Release|Win32
		{BCB4B3E1-D242-376C-9C4D-CE77A414F495}.RelWithDebInfo|Win32.ActiveCfg = RelWithDebInfo|Win32
		{BCB4B3E1-D242-376C-9C4D-CE77A414F495}.RelWithDebInfo|x64.ActiveCfg = RelWithDebInfo|Win32
		{6A612BE1-C457-3DDF-8718-1293F6731CD0}.Debug|Win32.ActiveCfg = Debug|Win32
		{6A612BE1-C457-3DDF-8718-1293F6731CD0}.Debug|Win32.Build.0 = Debug|Win32
		{6A612BE1-C457-3DDF-8718-1293F6731CD0}.Debug|x64.ActiveCfg = Debug|Win32
		{6A612BE1-C457-3DDF-8718-1293F6731CD0}.MinSizeRel|Win32.ActiveCfg = MinSizeRel|Win32
		{6A612BE1-C457-3DDF-8718-1293F6731CD0}.MinSizeRel|Win32.Build.0 = MinSizeRel|Win32
		{6A612BE1-C457-3DDF-8718-1293F6731CD0}.MinSizeRel|x64.ActiveCfg = MinSizeRel|Win32
		{6A612BE1-C457-3DDF-8718-1293F6731CD0}.Release|Win32.ActiveCfg = Release|Win32
		{6A612BE1-C457-3DDF-8718-1293F6731CD0}.Release|Win32.Build.0 = Release|Win32
		{6A612BE1-C457-3DDF-8718-1293F6731CD0}.Release|x64.ActiveCfg = Release|Win32
		{6A612BE1-C457-3DDF-8718-1293F6731CD0}.RelWithDebInfo|Win32.ActiveCfg = RelWithDebInfo|Win32
		{6A612BE1-C457-3DDF-8718-1293F6731CD0}.RelWithDebInfo|Win32.Build.0 = RelWithDebInfo|Win32
		{6A612BE1-C457-3DDF-8718-1293F6731CD0}.RelWithDebInfo|x64.ActiveCfg = RelWithDebInfo|Win32
		{C61EE98D-C8B8-3EC0-877B-57356FA3460E}.Debug|Win32.ActiveCfg = Debug|Win32
		{C61EE98D-C8B8-3EC0-877B-57356FA3460E}.Debug|Win32.Build.0 = Debug|Win32
		{C61EE98D-C8B8-3EC0-877B-57356FA3460E}.Debug|x64.ActiveCfg = Debug|Win32
		{C61EE98D-C8B8-3EC0-877B-57356FA3460E}.MinSizeRel|Win32.ActiveCfg = MinSizeRel|Win32
		{C61EE98D-C8B8-3EC0-877B-57356FA3460E}.MinSizeRel|Win32.Build.0 = MinSizeRel|Win32
		{C61EE98D-C8B8-3EC0-877B-57356FA3460E}.MinSizeRel|x64.ActiveCfg = MinSizeRel|Win32
		{C61EE98D-C8B8-3EC0-877B-57356FA3460E}.Release|Win32.ActiveCfg = Release|Win32
		{C61EE98D-C8B8-3EC0-877B-57356FA3460E}.Release|Win32.Build.0 = Release|Win32
		{C61EE98D-C8B8-3EC0-877B-57356FA3460E}.Release|x64.ActiveCfg = Release|Win32
		{C61EE98D-C8B8-3EC0-877B-57356FA3460E}.RelWithDebInfo|Win32.ActiveCfg = RelWithDebInfo|Win32
		{C61EE98D-C8B8-3EC0-877B-57356FA3460E}.RelWithDebInfo|Win32.Build.0 = RelWithDebInfo|Win32
		{C61EE98D-C8B8-3EC0-877B-57356FA3460E}.RelWithDebInfo|x64.ActiveCfg = RelWithDebInfo|Win32
		{7C28DA69-AEF7-35E8-A20A-BA2573B5AB69}.Debug|Win32.ActiveCfg = Debug|Win32
		{7C28DA69-AEF7-35E8-A20A-BA2573B5AB69}.Debug|Win32.Build.0 = Debug|Win32
		{7C28DA69-AEF7-35E8-A20A-BA2573B5AB69}.Debug|x64.ActiveCfg = Debug|Win32
		{7C28DA69-AEF7-35E8-A20A-BA2573B5AB69}.MinSizeRel|Win32.ActiveCfg = MinSizeRel|Win32
		{7C28DA69-AEF7-35E8-A20A-BA2573B5AB69}.MinSizeRel|Win32.Build.0 = MinSizeRel|Win32
		{7C28DA69-AEF7-35E8-A20A-BA2573B5AB69}.MinSizeRel|x64.ActiveCfg = MinSizeRel|Win32
		{7C28DA69-AEF7-35E8-A20A-BA2573B5AB69}.Release|Win32.ActiveCfg = Release|Win32
		{7C28DA69-AEF7-35E8-A20A-BA2573B5AB69}.Release|Win32.Build.0 = Release|Win32
		{7C28DA69-AEF7-35E8-A20A-BA2573B5AB69}.Release|x64.ActiveCfg = Release|Win32
		{7C28DA69-AEF7-35E8-A20A-BA2573B5AB69}.RelWithDebInfo|Win32.ActiveCfg = RelWithDebInfo|Win32
		{7C28DA69-AEF7-35E8-A20A-BA2573B5AB69}.RelWithDebInfo|Win32.Build.0 = RelWithDebInfo|Win32
		{7C28DA69-AEF7-35E8-A20A-BA2573B5AB69}.RelWithDebInfo|x64.ActiveCfg = RelWithDebInfo|Win32
		{4697874D-3CD6-39DE-8E2A-DC9BB62CC8FF}.Debug|Win32.ActiveCfg = Debug|Win32
		{4697874D-3CD6-39DE-8E2A-DC9BB62CC8FF}.Debug|Win32.Build.0 = Debug|Win32
		{4697874D-3CD6-39DE-8E2A-DC9BB62CC8FF}.Debug|x64.ActiveCfg = Debug|Win32
		{4697874D-3CD6-39DE-8E2A-DC9BB62CC8FF}.MinSizeRel|Win32.ActiveCfg = MinSizeRel|Win32
		{4697874D-3CD6-39DE-8E2A-DC9BB62CC8FF}.MinSizeRel|Win32.Build.0 = MinSizeRel|Win32
		{4697874D-3CD6-39DE-8E2A-DC9BB62CC8FF}.MinSizeRel|x64.ActiveCfg = MinSizeRel|Win32
		{4697874D-3CD6-39DE-8E2A-DC9BB62CC8FF}.Release|Win32.ActiveCfg = Release|Win32
		{4697874D-3CD6-39DE-8E2A-DC9BB62CC8FF}.Release|Win32.Build.0 = Release|Win32
		{4697874D-3CD6-39DE-8E2A-DC9BB62CC8FF}.Release|x64.ActiveCfg = Release|Win32
		{4697874D-3CD6-39DE-8E2A-DC9BB62CC8FF}.RelWithDebInfo|Win32.ActiveCfg = RelWithDebInfo|Win32
		{4697874D-3CD6-39DE-8E2A-DC9BB62CC8FF}.RelWithDebInfo|Win32.Build.0 = RelWithDebInfo|Win32
		{4697874D-3CD6-39DE-8E2A-DC9BB62CC8FF}.RelWithDebInfo|x64.ActiveCfg = RelWithDebInfo|Win32
		{4832E4BA-56AC-3E49-A152-CBAA395C7A81}.Debug|Win32.ActiveCfg = Debug|Win32
		{4832E4BA-56AC-3E49-A152-CBAA395C7A81}.Debug|Win32.Build.0 = Debug|Win32
		{4832E4BA-56AC-3E49-A152-CBAA395C7A81}.Debug|x64.ActiveCfg = Debug|Win32
		{4832E4BA-56AC-3E49-A152-CBAA395C7A81}.MinSizeRel|Win32.ActiveCfg = MinSizeRel|Win32
		{4832E4BA-56AC-3E49-A152-CBAA395C7A81}.MinSizeRel|Win32.Build.0 = MinSizeRel|Win32
		{4832E4BA-56AC-3E49-A152-CBAA395C7A81}.MinSizeRel|x64.ActiveCfg = MinSizeRel|Win32
		{4832E4BA-56AC-3E49-A152-CBAA395C7A81}.Release|Win32.ActiveCfg = Release|Win32
		{4832E4BA-56AC-3E49-A152-CBAA395C7A81}.Release|Win32.Build.0 = Release|Win32
		{4832E4BA-56AC-3E49-A152-CBAA395C7A81}.Release|x64.ActiveCfg = Release|Win32
		{4832E4BA-56AC-3E49-A152-CBAA395C7A81}.RelWithDebInfo|Win32.ActiveCfg = RelWithDebInfo|Win32
		{4832E4BA-56AC-3E49-A152-CBAA395C7A81}.RelWithDebInfo|Win32.Build.0 = RelWithDebInfo|Win32
		{4832E4BA-56AC-3E49-A152-CBAA395C7A81}.RelWithDebInfo|x64.ActiveCfg = RelWithDebInfo|Win32
		{8FB5B7A8-87CE-35E7-B2F3-E3D1ACFFB366}.Debug|Win32.ActiveCfg = Debug|Win32
		{8FB5B7A8-87CE-35E7-B2F3-E3D1ACFFB366}.Debug|Win32.Build.0 = Debug|Win32
		{8FB5B7A8-87CE-35E7-B2F3-E3D1ACFFB366}.Debug|x64.ActiveCfg = Debug|Win32
		{8FB5B7A8-87CE-35E7-B2F3-E3D1ACFFB366}.MinSizeRel|Win32.ActiveCfg = MinSizeRel|Win32
		{8FB5B7A8-87CE-35E7-B2F3-E3D1ACFFB366}.MinSizeRel|Win32.Build.0 = MinSizeRel|Win32
		{8FB5B7A8-87CE-35E7-B2F3-E3D1ACFFB366}.MinSizeRel|x64.ActiveCfg = MinSizeRel|Win32
		{8FB5B7A8-87CE-35E7-B2F3-E3D1ACFFB366}.Release|Win32.ActiveCfg = Release|Win32
		{8FB5B7A8-87CE-35E7-B2F3-E3D1ACFFB366}.Release|Win32.Build.0 = Release|Win32
		{8FB5B7A8-87CE-35E7-B2F3-E3D1ACFFB366}.Release|x64.ActiveCfg = Release|Win32
		{8FB5B7A8-87CE-35E7-B2F3-E3D1ACFFB366}.RelWithDebInfo|Win32.ActiveCfg = RelWithDebInfo|Win32
		{8FB5B7A8-87CE-35E7-B2F3-E3D1ACFFB366}.RelWithDebInfo|Win32.Build.0 = RelWithDebInfo|Win32
		{8FB5B7A8-87CE-35E7-B2F3-E3D1ACFFB366}.RelWithDebInfo|x64.ActiveCfg = RelWithDebInfo|Win32
		{26F33890-1FFA-3E39-AD37-7E4FD8D26B07}.Debug|Win32.ActiveCfg = Debug|Win32
		{26F33890-1FFA-3E39-AD37-7E4FD8D26B07}.Debug|Win32.Build.0 = Debug|Win32
		{26F33890-1FFA-3E39-AD37-7E4FD8D26B07}.Debug|x64.ActiveCfg = Debug|Win32
		{26F33890-1FFA-3E39-AD37-7E4FD8D26B07}.MinSizeRel|Win32.ActiveCfg = MinSizeRel|Win32
		{26F33890-1FFA-3E39-AD37-7E4FD8D26B07}.MinSizeRel|Win32.Build.0 = MinSizeRel|Win32
		{26F33890-1FFA-3E39-AD37-7E4FD8D26B07}.MinSizeRel|x64.ActiveCfg = MinSizeRel|Win32
		{26F33890-1FFA-3E39-AD37-7E4FD8D26B07}.Release|Win32.ActiveCfg = Release|Win32
		{26F33890-1FFA-3E39-AD37-7E4FD8D26B07}.Release|Win32.Build.0 = Release|Win32
		{26F33890-1FFA-3E39-AD37-7E4FD8D26B07}.Release|x64.ActiveCfg = Release|Win32
		{26F33890-1FFA-3E39-AD37-7E4FD8D26B07}.RelWithDebInfo|Win32.ActiveCfg = RelWithDebInfo|Win32
		{26F33890-1FFA-3E39-AD37-7E4FD8D26B07}.RelWithDebInfo|Win32.Build.0 = RelWithDebInfo|Win32
		{26F33890-1FFA-3E39-AD37-7E4FD8D26B07}.RelWithDebInfo|x64.ActiveCfg = RelWithDebInfo|Win32
		{6DE579E5-2398-3EE6-A6FE-2C5B996B9BDF}.Debug|Win32.ActiveCfg = Debug|Win32
		{6DE579E5-2398-3EE6-A6FE-2C5B996B9BDF}.Debug|Win32.Build.0 = Debug|Win32
		{6DE579E5-2398-3EE6-A6FE-2C5B996B9BDF}.Debug|x64.ActiveCfg = Debug|Win32
		{6DE579E5-2398-3EE6-A6FE-2C5B996B9BDF}.MinSizeRel|Win32.ActiveCfg = MinSizeRel|Win32
		{6DE579E5-2398-3EE6-A6FE-2C5B996B9BDF}.MinSizeRel|Win32.Build.0 = MinSizeRel|Win32
		{6DE579E5-2398-3EE6-A6FE-2C5B996B9BDF}.MinSizeRel|x64.ActiveCfg = MinSizeRel|Win32
		{6DE579E5-2398-3EE6-A6FE-2C5B996B9BDF}.Release|Win32.ActiveCfg = Release|Win32
		{6DE579E5-2398-3EE6-A6FE-2C5B996B9BDF}.Release|Win32.Build.0 = Release|Win32
		{6DE579E5-2398-3EE6-A6FE-2C5B996B9BDF}.Release|x64.ActiveCfg = Release|Win32
		{6DE579E5-2398-3EE6-A6FE-2C5B996B9BDF}.RelWithDebInfo|Win32.ActiveCfg = RelWithDebInfo|Win32
		{6DE579E5-2398-3EE6-A6FE-2C5B996B9BDF}.RelWithDebInfo|Win32.Build.0 = RelWithDebInfo|Win32
		{6DE579E5-2398-3EE6-A6FE-2C5B996B9BDF}.RelWithDebInfo|x64.ActiveCfg = RelWithDebInfo|Win32
		{DE78BD9F-7DDE-311A-A924-980D070F83E1}.Debug|Win32.ActiveCfg = Debug|Win32
		{DE78BD9F-7DDE-311A-A924-980D070F83E1}.Debug|Win32.Build.0 = Debug|Win32
		{DE78BD9F-7DDE-311A-A924-980D070F83E1}.Debug|x64.ActiveCfg = Debug|Win32
		{DE78BD9F-7DDE-311A-A924-980D070F83E1}.MinSizeRel|Win32.ActiveCfg = MinSizeRel|Win32
		{DE78BD9F-7DDE-311A-A924-980D070F83E1}.MinSizeRel|Win32.Build.0 = MinSizeRel|Win32
		{DE78BD9F-7DDE-311A-A924-980D070F83E1}.MinSizeRel|x64.ActiveCfg = MinSizeRel|Win32
		{DE78BD9F-7DDE-311A-A924-980D070F83E1}.Release|Win32.ActiveCfg = Release|Win32
		{DE78BD9F-7DDE-311A-A924-980D070F83E1}.Release|Win32.Build.0 = Release|Win32
		{DE78BD9F-7DDE-311A-A924-980D070F83E1}.Release|x64.ActiveCfg = Release|Win32
		{DE78BD9F-7DDE-311A-A924-980D070F83E1}.RelWithDebInfo|Win32.ActiveCfg = RelWithDebInfo|Win32
		{DE78BD9F-7DDE-311A-A924-980D070F83E1}.RelWithDebInfo|Win32.Build.0 = RelWithDebInfo|Win32
		{DE78BD9F-7DDE-311A-A924-980D070F83E1}.RelWithDebInfo|x64.ActiveCfg = RelWithDebInfo|Win32
		{AA24FD7C-5685-3433-9C8D-D02C5605968C}.Debug|Win32.ActiveCfg = Debug|Win32
		{AA24FD7C-5685-3433-9C8D-D02C5605968C}.Debug|Win32.Build.0 = Debug|Win32
		{AA24FD7C-5685-3433-9C8D-D02C5605968C}.Debug|x64.ActiveCfg = Debug|Win32
		{AA24FD7C-5685-3433-9C8D-D02C5605968C}.MinSizeRel|Win32.ActiveCfg = MinSizeRel|Win32
		{AA24FD7C-5685-3433-9C8D-D02C5605968C}.MinSizeRel|Win32.Build.0 = MinSizeRel|Win32
		{AA24FD7C-5685-3433-9C8D-D02C5605968C}.MinSizeRel|x64.ActiveCfg = MinSizeRel|Win32
		{AA24FD7C-5685-3433-9C8D-D02C5605968C}.Release|Win32.ActiveCfg = Release|Win32
		{AA24FD7C-5685-3433-9C8D-D02C5605968C}.Release|Win32.Build.0 = Release|Win32
		{AA24FD7C-5685-3433-9C8D-D02C5605968C}.Release|x64.ActiveCfg = Release|Win32
		{AA24FD7C-5685-3433-9C8D-D02C5605968C}.RelWithDebInfo|Win32.ActiveCfg = RelWithDebInfo|Win32
		{AA24FD7C-5685-3433-9C8D-D02C5605968C}.RelWithDebInfo|Win32.Build.0 = RelWithDebInfo|Win32
		{AA24FD7C-5685-3433-9C8D-D02C5605968C}.RelWithDebInfo|x64.ActiveCfg = RelWithDebInfo|Win32
		{788F98E9-A7B5-3FEA-BB1A-BE701C35A842}.Debug|Win32.ActiveCfg = Debug|Win32
		{788F98E9-A7B5-3FEA-BB1A-BE701C35A842}.Debug|Win32.Build.0 = Debug|Win32
		{788F98E9-A7B5-3FEA-BB1A-BE701C35A842}.Debug|x64.ActiveCfg = Debug|Win32
		{788F98E9-A7B5-3FEA-BB1A-BE701C35A842}.MinSizeRel|Win32.ActiveCfg = MinSizeRel|Win32
		{788F98E9-A7B5-3FEA-BB1A-BE701C35A842}.MinSizeRel|Win32.Build.0 = MinSizeRel|Win32
		{788F98E9-A7B5-3FEA-BB1A-BE701C35A842}.MinSizeRel|x64.ActiveCfg = MinSizeRel|Win32
		{788F98E9-A7B5-3FEA-BB1A-BE701C35A842}.Release|Win32.ActiveCfg = Release|Win32
		{788F98E9-A7B5-3FEA-BB1A-BE701C35A842}.Release|Win32.Build.0 = Release|Win32
		{788F98E9-A7B5-3FEA-BB1A-BE701C35A842}.Release|x64.ActiveCfg = Release|Win32
		{788F98E9-A7B5-3FEA-BB1A-BE701C35A842}.RelWithDebInfo|Win32.ActiveCfg = RelWithDebInfo|Win32
		{788F98E9-A7B5-3FEA-BB1A-BE701C35A842}.RelWithDebInfo|Win32.Build.0 = RelWithDebInfo|Win32
		{788F98E9-A7B5-3FEA-BB1A-BE701C35A842}.RelWithDebInfo|x64.ActiveCfg = RelWithDebInfo|Win32
		{61BE5A8D-7EEF-3456-8904-1B175684D8B6}.Debug|Win32.ActiveCfg = Debug|Win32
		{61BE5A8D-7EEF-3456-8904-1B175684D8B6}.Debug|x64.ActiveCfg = Debug|Win32
		{61BE5A8D-7EEF-3456-8904-1B175684D8B6}.MinSizeRel|Win32.ActiveCfg = MinSizeRel|Win32
		{61BE5A8D-7EEF-3456-8904-1B175684D8B6}.MinSizeRel|x64.ActiveCfg = MinSizeRel|Win32
		{61BE5A8D-7EEF-3456-8904-1B175684D8B6}.Release|Win32.ActiveCfg = Release|Win32
		{61BE5A8D-7EEF-3456-8904-1B175684D8B6}.Release|x64.ActiveCfg = Release|Win32
		{61BE5A8D-7EEF-3456-8904-1B175684D8B6}.RelWithDebInfo|Win32.ActiveCfg = RelWithDebInfo|Win32
		{61BE5A8D-7EEF-3456-8904-1B175684D8B6}.RelWithDebInfo|x64.ActiveCfg = RelWithDebInfo|Win32
		{E077A4E2-E7FB-3E40-9460-875FA71BC6EE}.Debug|Win32.ActiveCfg = Debug|Win32
		{E077A4E2-E7FB-3E40-9460-875FA71BC6EE}.Debug|Win32.Build.0 = Debug|Win32
		{E077A4E2-E7FB-3E40-9460-875FA71BC6EE}.Debug|x64.ActiveCfg = Debug|Win32
		{E077A4E2-E7FB-3E40-9460-875FA71BC6EE}.MinSizeRel|Win32.ActiveCfg = MinSizeRel|Win32
		{E077A4E2-E7FB-3E40-9460-875FA71BC6EE}.MinSizeRel|Win32.Build.0 = MinSizeRel|Win32
		{E077A4E2-E7FB-3E40-9460-875FA71BC6EE}.MinSizeRel|x64.ActiveCfg = MinSizeRel|Win32
		{E077A4E2-E7FB-3E40-9460-875FA71BC6EE}.Release|Win32.ActiveCfg = Release|Win32
		{E077A4E2-E7FB-3E40-9460-875FA71BC6EE}.Release|Win32.Build.0 = Release|Win32
		{E077A4E2-E7FB-3E40-9460-875FA71BC6EE}.Release|x64.ActiveCfg = Release|Win32
		{E077A4E2-E7FB-3E40-9460-875FA71BC6EE}.RelWithDebInfo|Win32.ActiveCfg = RelWithDebInfo|Win32
		{E077A4E2-E7FB-3E40-9460-875FA71BC6EE}.RelWithDebInfo|Win32.Build.0 = RelWithDebInfo|Win32
		{E077A4E2-E7FB-3E40-9460-875FA71BC6EE}.RelWithDebInfo|x64.ActiveCfg = RelWithDebInfo|Win32
		{D264069A-A7C0-38CE-A827-841DAB28EBEA}.Debug|Win32.ActiveCfg = Debug|Win32
		{D264069A-A7C0-38CE-A827-841DAB28EBEA}.Debug|Win32.Build.0 = Debug|Win32
		{D264069A-A7C0-38CE-A827-841DAB28EBEA}.Debug|x64.ActiveCfg = Debug|Win32
		{D264069A-A7C0-38CE-A827-841DAB28EBEA}.MinSizeRel|Win32.ActiveCfg = MinSizeRel|Win32
		{D264069A-A7C0-38CE-A827-841DAB28EBEA}.MinSizeRel|Win32.Build.0 = MinSizeRel|Win32
		{D264069A-A7C0-38CE-A827-841DAB28EBEA}.MinSizeRel|x64.ActiveCfg = MinSizeRel|Win32
		{D264069A-A7C0-38CE-A827-841DAB28EBEA}.Release|Win32.ActiveCfg = Release|Win32
		{D264069A-A7C0-38CE-A827-841DAB28EBEA}.Release|Win32.Build.0 = Release|Win32
		{D264069A-A7C0-38CE-A827-841DAB28EBEA}.Release|x64.ActiveCfg = Release|Win32
		{D264069A-A7C0-38CE-A827-841DAB28EBEA}.RelWithDebInfo|Win32.ActiveCfg = RelWithDebInfo|Win32
		{D264069A-A7C0-38CE-A827-841DAB28EBEA}.RelWithDebInfo|Win32.Build.0 = RelWithDebInfo|Win32
		{D264069A-A7C0-38CE-A827-841DAB28EBEA}.RelWithDebInfo|x64.ActiveCfg = RelWithDebInfo|Win32
		{65057F67-B59D-36CB-AFA3-678FF9A8609D}.Debug|Win32.ActiveCfg = Debug|Win32
		{65057F67-B59D-36CB-AFA3-678FF9A8609D}.Debug|Win32.Build.0 = Debug|Win32
		{65057F67-B59D-36CB-AFA3-678FF9A8609D}.Debug|x64.ActiveCfg = Debug|Win32
		{65057F67-B59D-36CB-AFA3-678FF9A8609D}.MinSizeRel|Win32.ActiveCfg = MinSizeRel|Win32
		{65057F67-B59D-36CB-AFA3-678FF9A8609D}.MinSizeRel|Win32.Build.0 = MinSizeRel|Win32
		{65057F67-B59D-36CB-AFA3-678FF9A8609D}.MinSizeRel|x64.ActiveCfg = MinSizeRel|Win32
		{65057F67-B59D-36CB-AFA3-678FF9A8609D}.Release|Win32.ActiveCfg = Release|Win32
		{65057F67-B59D-36CB-AFA3-678FF9A8609D}.Release|Win32.Build.0 = Release|Win32
		{65057F67-B59D-36CB-AFA3-678FF9A8609D}.Release|x64.ActiveCfg = Release|Win32
		{65057F67-B59D-36CB-AFA3-678FF9A8609D}.RelWithDebInfo|Win32.ActiveCfg = RelWithDebInfo|Win32
		{65057F67-B59D-36CB-AFA3-678FF9A8609D}.RelWithDebInfo|Win32.Build.0 = RelWithDebInfo|Win32
		{65057F67-B59D-36CB-AFA3-678FF9A8609D}.RelWithDebInfo|x64.ActiveCfg = RelWithDebInfo|Win32
		{47133B7C-CECE-37CA-B819-05FD3BD14FAE}.Debug|Win32.ActiveCfg = Debug|Win32
		{47133B7C-CECE-37CA-B819-05FD3BD14FAE}.Debug|Win32.Build.0 = Debug|Win32
		{47133B7C-CECE-37CA-B819-05FD3BD14FAE}.Debug|x64.ActiveCfg = Debug|Win32
		{47133B7C-CECE-37CA-B819-05FD3BD14FAE}.MinSizeRel|Win32.ActiveCfg = MinSizeRel|Win32
		{47133B7C-CECE-37CA-B819-05FD3BD14FAE}.MinSizeRel|Win32.Build.0 = MinSizeRel|Win32
		{47133B7C-CECE-37CA-B819-05FD3BD14FAE}.MinSizeRel|x64.ActiveCfg = MinSizeRel|Win32
		{47133B7C-CECE-37CA-B819-05FD3BD14FAE}.Release|Win32.ActiveCfg = Release|Win32
		{47133B7C-CECE-37CA-B819-05FD3BD14FAE}.Release|Win32.Build.0 = Release|Win32
		{47133B7C-CECE-37CA-B819-05FD3BD14FAE}.Release|x64.ActiveCfg = Release|Win32
		{47133B7C-CECE-37CA-B819-05FD3BD14FAE}.RelWithDebInfo|Win32.ActiveCfg = RelWithDebInfo|Win32
		{47133B7C-CECE-37CA-B819-05FD3BD14FAE}.RelWithDebInfo|Win32.Build.0 = RelWithDebInfo|Win32
		{47133B7C-CECE-37CA-B819-05FD3BD14FAE}.RelWithDebInfo|x64.ActiveCfg = RelWithDebInfo|Win32
		{6EBAB601-624F-3619-8BE0-1978F93422F0}.Debug|Win32.ActiveCfg = Debug|Win32
		{6EBAB601-624F-3619-8BE0-1978F93422F0}.Debug|Win32.Build.0 = Debug|Win32
		{6EBAB601-624F-3619-8BE0-1978F93422F0}.Debug|x64.ActiveCfg = Debug|Win32
		{6EBAB601-624F-3619-8BE0-1978F93422F0}.MinSizeRel|Win32.ActiveCfg = MinSizeRel|Win32
		{6EBAB601-624F-3619-8BE0-1978F93422F0}.MinSizeRel|Win32.Build.0 = MinSizeRel|Win32
		{6EBAB601-624F-3619-8BE0-1978F93422F0}.MinSizeRel|x64.ActiveCfg = MinSizeRel|Win32
		{6EBAB601-624F-3619-8BE0-1978F93422F0}.Release|Win32.ActiveCfg = Release|Win32
		{6EBAB601-624F-3619-8BE0-1978F93422F0}.Release|Win32.Build.0 = Release|Win32
		{6EBAB601-624F-3619-8BE0-1978F93422F0}.Release|x64.ActiveCfg = Release|Win32
		{6EBAB601-624F-3619-8BE0-1978F93422F0}.RelWithDebInfo|Win32.ActiveCfg = RelWithDebInfo|Win32
		{6EBAB601-624F-3619-8BE0-1978F93422F0}.RelWithDebInfo|Win32.Build.0 = RelWithDebInfo|Win32
		{6EBAB601-624F-3619-8BE0-1978F93422F0}.RelWithDebInfo|x64.ActiveCfg = RelWithDebInfo|Win32
		{C3753BD5-A127-40E0-B66D-F1A85E2CF27F}.Debug|Win32.ActiveCfg = Debug|Win32
		{C3753BD5-A127-40E0-B66D-F1A85E2CF27F}.Debug|Win32.Build.0 = Debug|Win32
		{C3753BD5-A127-40E0-B66D-F1A85E2CF27F}.Debug|x64.ActiveCfg = Debug|x64
		{C3753BD5-A127-40E0-B66D-F1A85E2CF27F}.Debug|x64.Build.0 = Debug|x64
		{C3753BD5-A127-40E0-B66D-F1A85E2CF27F}.MinSizeRel|Win32.ActiveCfg = Release|Win32
		{C3753BD5-A127-40E0-B66D-F1A85E2CF27F}.MinSizeRel|Win32.Build.0 = Release|Win32
		{C3753BD5-A127-40E0-B66D-F1A85E2CF27F}.MinSizeRel|x64.ActiveCfg = Release|x64
		{C3753BD5-A127-40E0-B66D-F1A85E2CF27F}.MinSizeRel|x64.Build.0 = Release|x64
		{C3753BD5-A127-40E0-B66D-F1A85E2CF27F}.Release|Win32.ActiveCfg = Release|Win32
		{C3753BD5-A127-40E0-B66D-F1A85E2CF27F}.Release|Win32.Build.0 = Release|Win32
		{C3753BD5-A127-40E0-B66D-F1A85E2CF27F}.Release|x64.ActiveCfg = Release|x64
		{C3753BD5-A127-40E0-B66D-F1A85E2CF27F}.Release|x64.Build.0 = Release|x64
		{C3753BD5-A127-40E0-B66D-F1A85E2CF27F}.RelWithDebInfo|Win32.ActiveCfg = Release|Win32
		{C3753BD5-A127-40E0-B66D-F1A85E2CF27F}.RelWithDebInfo|Win32.Build.0 = Release|Win32
		{C3753BD5-A127-40E0-B66D-F1A85E2CF27F}.RelWithDebInfo|x64.ActiveCfg = Release|x64
		{C3753BD5-A127-40E0-B66D-F1A85E2CF27F}.RelWithDebInfo|x64.Build.0 = Release|x64
		{00CB37F0-449B-4D16-B0FF-C715CA083F4F}.Debug|Win32.ActiveCfg = Debug|Win32
		{00CB37F0-449B-4D16-B0FF-C715CA083F4F}.Debug|Win32.Build.0 = Debug|Win32
		{00CB37F0-449B-4D16-B0FF-C715CA083F4F}.Debug|x64.ActiveCfg = Debug|x64
		{00CB37F0-449B-4D16-B0FF-C715CA083F4F}.Debug|x64.Build.0 = Debug|x64
		{00CB37F0-449B-4D16-B0FF-C715CA083F4F}.MinSizeRel|Win32.ActiveCfg = Release|Win32
		{00CB37F0-449B-4D16-B0FF-C715CA083F4F}.MinSizeRel|Win32.Build.0 = Release|Win32
		{00CB37F0-449B-4D16-B0FF-C715CA083F4F}.MinSizeRel|x64.ActiveCfg = Release|x64
		{00CB37F0-449B-4D16-B0FF-C715CA083F4F}.MinSizeRel|x64.Build.0 = Release|x64
		{00CB37F0-449B-4D16-B0FF-C715CA083F4F}.Release|Win32.ActiveCfg = Release|Win32
		{00CB37F0-449B-4D16-B0FF-C715CA083F4F}.Release|Win32.Build.0 = Release|Win32
		{00CB37F0-449B-4D16-B0FF-C715CA083F4F}.Release|x64.ActiveCfg = Release|x64
		{00CB37F0-449B-4D16-B0FF-C715CA083F4F}.Release|x64.Build.0 = Release|x64
		{00CB37F0-449B-4D16-B0FF-C715CA083F4F}.RelWithDebInfo|Win32.ActiveCfg = Release|Win32
		{00CB37F0-449B-4D16-B0FF-C715CA083F4F}.RelWithDebInfo|Win32.Build.0 = Release|Win32
		{00CB37F0-449B-4D16-B0FF-C715CA083F4F}.RelWithDebInfo|x64.ActiveCfg = Release|x64
		{00CB37F0-449B-4D16-B0FF-C715CA083F4F}.RelWithDebInfo|x64.Build.0 = Release|x64
		{1B3B424D-8D0D-4B1C-B351-8DB6B9AB3962}.Debug|Win32.ActiveCfg = Debug|Win32
		{1B3B424D-8D0D-4B1C-B351-8DB6B9AB3962}.Debug|Win32.Build.0 = Debug|Win32
		{1B3B424D-8D0D-4B1C-B351-8DB6B9AB3962}.Debug|x64.ActiveCfg = Debug|x64
		{1B3B424D-8D0D-4B1C-B351-8DB6B9AB3962}.Debug|x64.Build.0 = Debug|x64
		{1B3B424D-8D0D-4B1C-B351-8DB6B9AB3962}.MinSizeRel|Win32.ActiveCfg = Release|Win32
		{1B3B424D-8D0D-4B1C-B351-8DB6B9AB3962}.MinSizeRel|Win32.Build.0 = Release|Win32
		{1B3B424D-8D0D-4B1C-B351-8DB6B9AB3962}.MinSizeRel|x64.ActiveCfg = Release|x64
		{1B3B424D-8D0D-4B1C-B351-8DB6B9AB3962}.MinSizeRel|x64.Build.0 = Release|x64
		{1B3B424D-8D0D-4B1C-B351-8DB6B9AB3962}.Release|Win32.ActiveCfg = Release|Win32
		{1B3B424D-8D0D-4B1C-B351-8DB6B9AB3962}.Release|Win32.Build.0 = Release|Win32
		{1B3B424D-8D0D-4B1C-B351-8DB6B9AB3962}.Release|x64.ActiveCfg = Release|x64
		{1B3B424D-8D0D-4B1C-B351-8DB6B9AB3962}.Release|x64.Build.0 = Release|x64
		{1B3B424D-8D0D-4B1C-B351-8DB6B9AB3962}.RelWithDebInfo|Win32.ActiveCfg = Release|Win32
		{1B3B424D-8D0D-4B1C-B351-8DB6B9AB3962}.RelWithDebInfo|Win32.Build.0 = Release|Win32
		{1B3B424D-8D0D-4B1C-B351-8DB6B9AB3962}.RelWithDebInfo|x64.ActiveCfg = Release|x64
		{1B3B424D-8D0D-4B1C-B351-8DB6B9AB3962}.RelWithDebInfo|x64.Build.0 = Release|x64
		{7B41370D-15D0-438D-8375-4E249B7BEA38}.Debug|Win32.ActiveCfg = Debug|Win32
		{7B41370D-15D0-438D-8375-4E249B7BEA38}.Debug|Win32.Build.0 = Debug|Win32
		{7B41370D-15D0-438D-8375-4E249B7BEA38}.Debug|x64.ActiveCfg = Debug|x64
		{7B41370D-15D0-438D-8375-4E249B7BEA38}.Debug|x64.Build.0 = Debug|x64
		{7B41370D-15D0-438D-8375-4E249B7BEA38}.MinSizeRel|Win32.ActiveCfg = Release|Win32
		{7B41370D-15D0-438D-8375-4E249B7BEA38}.MinSizeRel|Win32.Build.0 = Release|Win32
		{7B41370D-15D0-438D-8375-4E249B7BEA38}.MinSizeRel|x64.ActiveCfg = Release|x64
		{7B41370D-15D0-438D-8375-4E249B7BEA38}.MinSizeRel|x64.Build.0 = Release|x64
		{7B41370D-15D0-438D-8375-4E249B7BEA38}.Release|Win32.ActiveCfg = Release|Win32
		{7B41370D-15D0-438D-8375-4E249B7BEA38}.Release|Win32.Build.0 = Release|Win32
		{7B41370D-15D0-438D-8375-4E249B7BEA38}.Release|x64.ActiveCfg = Release|x64
		{7B41370D-15D0-438D-8375-4E249B7BEA38}.Release|x64.Build.0 = Release|x64
		{7B41370D-15D0-438D-8375-4E249B7BEA38}.RelWithDebInfo|Win32.ActiveCfg = Release|Win32
		{7B41370D-15D0-438D-8375-4E249B7BEA38}.RelWithDebInfo|Win32.Build.0 = Release|Win32
		{7B41370D-15D0-438D-8375-4E249B7BEA38}.RelWithDebInfo|x64.ActiveCfg = Release|x64
		{7B41370D-15D0-438D-8375-4E249B7BEA38}.RelWithDebInfo|x64.Build.0 = Release|x64
		{F29EE15B-EAC2-430C-A430-528619C9A1BE}.Debug|Win32.ActiveCfg = Debug|Win32
		{F29EE15B-EAC2-430C-A430-528619C9A1BE}.Debug|Win32.Build.0 = Debug|Win32
		{F29EE15B-EAC2-430C-A430-528619C9A1BE}.Debug|x64.ActiveCfg = Debug|x64
		{F29EE15B-EAC2-430C-A430-528619C9A1BE}.Debug|x64.Build.0 = Debug|x64
		{F29EE15B-EAC2-430C-A430-528619C9A1BE}.MinSizeRel|Win32.ActiveCfg = Release|Win32
		{F29EE15B-EAC2-430C-A430-528619C9A1BE}.MinSizeRel|Win32.Build.0 = Release|Win32
		{F29EE15B-EAC2-430C-A430-528619C9A1BE}.MinSizeRel|x64.ActiveCfg = Release|x64
		{F29EE15B-EAC2-430C-A430-528619C9A1BE}.MinSizeRel|x64.Build.0 = Release|x64
		{F29EE15B-EAC2-430C-A430-528619C9A1BE}.Release|Win32.ActiveCfg = Release|Win32
		{F29EE15B-EAC2-430C-A430-528619C9A1BE}.Release|Win32.Build.0 = Release|Win32
		{F29EE15B-EAC2-430C-A430-528619C9A1BE}.Release|x64.ActiveCfg = Release|x64
		{F29EE15B-EAC2-430C-A430-528619C9A1BE}.Release|x64.Build.0 = Release|x64
		{F29EE15B-EAC2-430C-A430-528619C9A1BE}.RelWithDebInfo|Win32.ActiveCfg = Release|Win32
		{F29EE15B-EAC2-430C-A430-528619C9A1BE}.RelWithDebInfo|Win32.Build.0 = Release|Win32
		{F29EE15B-EAC2-430C-A430-528619C9A1BE}.RelWithDebInfo|x64.ActiveCfg = Release|x64
		{F29EE15B-EAC2-430C-A430-528619C9A1BE}.RelWithDebInfo|x64.Build.0 = Release|x64
	EndGlobalSection
	GlobalSection(SolutionProperties) = preSolution
		HideSolutionNode = FALSE
	EndGlobalSection
EndGlobal
