
Microsoft Visual Studio Solution File, Format Version 12.00
# Visual Studio 15
VisualStudioVersion = 15.0.26403.7
MinimumVisualStudioVersion = 10.0.40219.1
Project("{8BC9CEB8-8B4A-11D0-8D11-00A0C91BC942}") = "ALL_BUILD", "..\..\..\aquila_prova\aquila-build\ALL_BUILD.vcxproj", "{D35F4ABC-9E46-3B30-BF55-CE6C89F33369}"
EndProject
Project("{8BC9CEB8-8B4A-11D0-8D11-00A0C91BC942}") = "Aquila", "..\..\..\aquila_prova\aquila-build\Aquila.vcxproj", "{0D8615C9-8D9B-35CC-9513-BB9EDCF9A38F}"
EndProject
Project("{8BC9CEB8-8B4A-11D0-8D11-00A0C91BC942}") = "examples", "..\..\..\aquila_prova\aquila-build\examples.vcxproj", "{86F6DF90-D9D7-39A9-971E-C8017279A800}"
EndProject
Project("{8BC9CEB8-8B4A-11D0-8D11-00A0C91BC942}") = "INSTALL", "..\..\..\aquila_prova\aquila-build\INSTALL.vcxproj", "{4387C218-FCFE-3F0D-818F-DE9525FEE1C7}"
EndProject
Project("{8BC9CEB8-8B4A-11D0-8D11-00A0C91BC942}") = "RUN_TESTS", "..\..\..\aquila_prova\aquila-build\RUN_TESTS.vcxproj", "{B0C00405-99FB-3E01-B603-6F8B6ECEF5FE}"
EndProject
Project("{8BC9CEB8-8B4A-11D0-8D11-00A0C91BC942}") = "uninstall", "..\..\..\aquila_prova\aquila-build\uninstall.vcxproj", "{BF3F82B5-0F2F-382E-B615-67BD2387880C}"
EndProject
Project("{8BC9CEB8-8B4A-11D0-8D11-00A0C91BC942}") = "ZERO_CHECK", "..\..\..\aquila_prova\aquila-build\ZERO_CHECK.vcxproj", "{8752E0B9-1D51-3B22-9222-EADEA6DCEAC4}"
EndProject
Project("{8BC9CEB8-8B4A-11D0-8D11-00A0C91BC942}") = "aquila_test", "..\..\..\aquila_prova\aquila-build\tests\aquila_test.vcxproj", "{140C599C-38E8-3ADE-9707-D79E6481E484}"
EndProject
Project("{8BC9CEB8-8B4A-11D0-8D11-00A0C91BC942}") = "Ooura_fft", "..\..\..\aquila_prova\aquila-build\lib\Ooura_fft.vcxproj", "{D6C7FA1E-EDFD-39DA-A8EE-809BA6752372}"
EndProject
Project("{8BC9CEB8-8B4A-11D0-8D11-00A0C91BC942}") = "am_modulation", "..\..\..\aquila_prova\aquila-build\examples\am_modulation\am_modulation.vcxproj", "{AC0998F1-71F0-36FC-A88B-FD8169E615AF}"
EndProject
Project("{8BC9CEB8-8B4A-11D0-8D11-00A0C91BC942}") = "dtw_path_recovery", "..\..\..\aquila_prova\aquila-build\examples\dtw_path_recovery\dtw_path_recovery.vcxproj", "{D0DEAE3C-0AEA-3F5B-897C-11B4C5A2DA8E}"
EndProject
Project("{8BC9CEB8-8B4A-11D0-8D11-00A0C91BC942}") = "fft_comparison", "..\..\..\aquila_prova\aquila-build\examples\fft_comparison\fft_comparison.vcxproj", "{6BC65779-6D30-381B-BFDF-483AF84699B4}"
EndProject
Project("{8BC9CEB8-8B4A-11D0-8D11-00A0C91BC942}") = "fft_filter", "..\..\..\aquila_prova\aquila-build\examples\fft_filter\fft_filter.vcxproj", "{D1063A55-B5D3-33C2-B896-7F4C34CCC5FE}"
EndProject
Project("{8BC9CEB8-8B4A-11D0-8D11-00A0C91BC942}") = "fft_simple_spectrum", "..\..\..\aquila_prova\aquila-build\examples\fft_simple_spectrum\fft_simple_spectrum.vcxproj", "{2325C860-6A6D-3002-AD46-E55706D04A22}"
EndProject
Project("{8BC9CEB8-8B4A-11D0-8D11-00A0C91BC942}") = "frame_iteration", "..\..\..\aquila_prova\aquila-build\examples\frame_iteration\frame_iteration.vcxproj", "{ECBE672A-5E11-33E9-97E6-D32133829953}"
EndProject
Project("{8BC9CEB8-8B4A-11D0-8D11-00A0C91BC942}") = "generators", "..\..\..\aquila_prova\aquila-build\examples\generators\generators.vcxproj", "{1A2DFA5F-BE1C-3F4A-BA6F-07EC32259339}"
EndProject
Project("{8BC9CEB8-8B4A-11D0-8D11-00A0C91BC942}") = "aquila_prova", "..\..\..\aquila_prova\aquila_prova\Aquila_prova.vcxproj", "{F0775D98-DCA3-4753-83F8-816E1A66BB06}"
EndProject
Project("{8BC9CEB8-8B4A-11D0-8D11-00A0C91BC942}") = "mfcc_calculation", "..\..\..\aquila_prova\aquila-build\examples\mfcc_calculation\mfcc_calculation.vcxproj", "{20D80AB0-E0A6-3757-9D9D-B82EACABAF58}"
EndProject
Project("{8BC9CEB8-8B4A-11D0-8D11-00A0C91BC942}") = "sine_generator", "..\..\..\aquila_prova\aquila-build\examples\sine_generator\sine_generator.vcxproj", "{77830482-1E63-347B-ADC6-1AC7F2ED8552}"
EndProject
Project("{8BC9CEB8-8B4A-11D0-8D11-00A0C91BC942}") = "spectrogram", "..\..\..\aquila_prova\aquila-build\examples\spectrogram\spectrogram.vcxproj", "{7BD3D943-734B-3CCF-9E54-4468F87315BB}"
EndProject
Project("{8BC9CEB8-8B4A-11D0-8D11-00A0C91BC942}") = "square_generator", "..\..\..\aquila_prova\aquila-build\examples\square_generator\square_generator.vcxproj", "{DE3778C1-2D84-39A5-95FC-DFC5EE4C5CE4}"
EndProject
Project("{8BC9CEB8-8B4A-11D0-8D11-00A0C91BC942}") = "text_plot", "..\..\..\aquila_prova\aquila-build\examples\text_plot\text_plot.vcxproj", "{F9F947D4-EF10-3C6F-9190-D4589F41FE41}"
EndProject
Project("{8BC9CEB8-8B4A-11D0-8D11-00A0C91BC942}") = "triangle_generator", "..\..\..\aquila_prova\aquila-build\examples\triangle_generator\triangle_generator.vcxproj", "{95179FA1-A61C-30EA-86B1-BB7AEF734942}"
EndProject
Project("{8BC9CEB8-8B4A-11D0-8D11-00A0C91BC942}") = "utility_functions", "..\..\..\aquila_prova\aquila-build\examples\utility_functions\utility_functions.vcxproj", "{85087F52-3D0D-3D5A-98CA-86616F4D9B77}"
EndProject
Project("{8BC9CEB8-8B4A-11D0-8D11-00A0C91BC942}") = "wave_info", "..\..\..\aquila_prova\aquila-build\examples\wave_info\wave_info.vcxproj", "{195DC5A4-0851-31AB-903C-EF718ABAE347}"
EndProject
Project("{8BC9CEB8-8B4A-11D0-8D11-00A0C91BC942}") = "window_usage", "..\..\..\aquila_prova\aquila-build\examples\window_usage\window_usage.vcxproj", "{D5D3D6CA-8721-36B2-891E-9294C01A50B0}"
EndProject
Project("{8BC9CEB8-8B4A-11D0-8D11-00A0C91BC942}") = "wave_iteration", "..\..\..\aquila_prova\aquila-build\examples\wave_iteration\wave_iteration.vcxproj", "{03808712-0B7E-370F-81DB-2DADA544C58C}"
EndProject
Project("{8BC9CEB8-8B4A-11D0-8D11-00A0C91BC942}") = "window_plot", "..\..\..\aquila_prova\aquila-build\examples\window_plot\window_plot.vcxproj", "{2E1FA9FA-67F7-3904-9917-16038F83AFB1}"
EndProject
Project("{8BC9CEB8-8B4A-11D0-8D11-00A0C91BC942}") = "analisi_persona_arrabbiata", "analisi_persona_arrabbiata\analisi_persona_arrabbiata.vcxproj", "{F29EE15B-EAC2-430C-A430-528619C9A1BE}"
EndProject
Project("{8BC9CEB8-8B4A-11D0-8D11-00A0C91BC942}") = "analisi_file_audio", "analisi_file_audio\analisi_file_audio.vcxproj", "{00CB37F0-449B-4D16-B0FF-C715CA083F4F}"
EndProject
Project("{8BC9CEB8-8B4A-11D0-8D11-00A0C91BC942}") = "provaLetturaScritturaCSV", "provaLetturaScritturaCSV\provaLetturaScritturaCSV.vcxproj", "{C3753BD5-A127-40E0-B66D-F1A85E2CF27F}"
EndProject
Project("{8BC9CEB8-8B4A-11D0-8D11-00A0C91BC942}") = "analisi_file_audio_1spf", "analisi_file_audio_1spf\analisi_file_audio_1spf.vcxproj", "{1B3B424D-8D0D-4B1C-B351-8DB6B9AB3962}"
EndProject
Project("{8BC9CEB8-8B4A-11D0-8D11-00A0C91BC942}") = "analisi_file_audio_500mspf", "analisi_file_audio_500mspf\analisi_file_audio_500mspf.vcxproj", "{7B41370D-15D0-438D-8375-4E249B7BEA38}"
EndProject
Project("{8BC9CEB8-8B4A-11D0-8D11-00A0C91BC942}") = "analisi_file_audio_calcoloMedia", "analisi_file_audio_calcoloMedia\analisi_file_audio_calcoloMedia.vcxproj", "{F9F65CA5-8A9B-4344-86EC-F88A67FD6D92}"
EndProject
Project("{8BC9CEB8-8B4A-11D0-8D11-00A0C91BC942}") = "analisi_file_audio_noIO", "analisi_file_audio_noIO\analisi_file_audio_noIO.vcxproj", "{FCCA5F28-65A2-43EE-8B34-A65696C83B6D}"
EndProject
Project("{8BC9CEB8-8B4A-11D0-8D11-00A0C91BC942}") = "analisi_file_audio_normalizzato", "analisi_file_audio_normalizzato\analisi_file_audio_normalizzato.vcxproj", "{1A65A4EF-36EA-46A4-B9C6-8F7A83104519}"
EndProject
Project("{8BC9CEB8-8B4A-11D0-8D11-00A0C91BC942}") = "analisi_file_audio_media_e_normalizzazione", "analisi_file_audio_media_e_normalizzazione\analisi_file_audio_media_e_normalizzazione.vcxproj", "{A9F981E0-AB44-4286-9DF4-E45EA7A24B65}"
EndProject
Project("{8BC9CEB8-8B4A-11D0-8D11-00A0C91BC942}") = "provaAMDF", "provaAMDF\provaAMDF.vcxproj", "{25FBBFA2-111A-450C-B5B3-BAD030152CFB}"
EndProject
Project("{8BC9CEB8-8B4A-11D0-8D11-00A0C91BC942}") = "analisi_file_audio_per_fonemi", "analisi_file_audio_per_fonemi\analisi_file_audio_per_fonemi.vcxproj", "{019EB5B3-30EB-407A-97E1-BA52530A5859}"
EndProject
Project("{8BC9CEB8-8B4A-11D0-8D11-00A0C91BC942}") = "calcolo_MFCC", "calcolo_MFCC\calcolo_MFCC.vcxproj", "{D8478C1A-E27A-4A2F-81A0-AB283DEFF043}"
EndProject
Global
	GlobalSection(SolutionConfigurationPlatforms) = preSolution
		Debug|x64 = Debug|x64
		Debug|x86 = Debug|x86
		MinSizeRel|x64 = MinSizeRel|x64
		MinSizeRel|x86 = MinSizeRel|x86
		Release|x64 = Release|x64
		Release|x86 = Release|x86
		RelWithDebInfo|x64 = RelWithDebInfo|x64
		RelWithDebInfo|x86 = RelWithDebInfo|x86
	EndGlobalSection
	GlobalSection(ProjectConfigurationPlatforms) = postSolution
		{D35F4ABC-9E46-3B30-BF55-CE6C89F33369}.Debug|x64.ActiveCfg = Debug|Win32
		{D35F4ABC-9E46-3B30-BF55-CE6C89F33369}.Debug|x86.ActiveCfg = Debug|Win32
		{D35F4ABC-9E46-3B30-BF55-CE6C89F33369}.Debug|x86.Build.0 = Debug|Win32
		{D35F4ABC-9E46-3B30-BF55-CE6C89F33369}.MinSizeRel|x64.ActiveCfg = MinSizeRel|Win32
		{D35F4ABC-9E46-3B30-BF55-CE6C89F33369}.MinSizeRel|x86.ActiveCfg = MinSizeRel|Win32
		{D35F4ABC-9E46-3B30-BF55-CE6C89F33369}.MinSizeRel|x86.Build.0 = MinSizeRel|Win32
		{D35F4ABC-9E46-3B30-BF55-CE6C89F33369}.Release|x64.ActiveCfg = Release|Win32
		{D35F4ABC-9E46-3B30-BF55-CE6C89F33369}.Release|x86.ActiveCfg = Release|Win32
		{D35F4ABC-9E46-3B30-BF55-CE6C89F33369}.Release|x86.Build.0 = Release|Win32
		{D35F4ABC-9E46-3B30-BF55-CE6C89F33369}.RelWithDebInfo|x64.ActiveCfg = RelWithDebInfo|Win32
		{D35F4ABC-9E46-3B30-BF55-CE6C89F33369}.RelWithDebInfo|x86.ActiveCfg = RelWithDebInfo|Win32
		{D35F4ABC-9E46-3B30-BF55-CE6C89F33369}.RelWithDebInfo|x86.Build.0 = RelWithDebInfo|Win32
		{0D8615C9-8D9B-35CC-9513-BB9EDCF9A38F}.Debug|x64.ActiveCfg = Debug|Win32
		{0D8615C9-8D9B-35CC-9513-BB9EDCF9A38F}.Debug|x86.ActiveCfg = Debug|Win32
		{0D8615C9-8D9B-35CC-9513-BB9EDCF9A38F}.Debug|x86.Build.0 = Debug|Win32
		{0D8615C9-8D9B-35CC-9513-BB9EDCF9A38F}.MinSizeRel|x64.ActiveCfg = MinSizeRel|Win32
		{0D8615C9-8D9B-35CC-9513-BB9EDCF9A38F}.MinSizeRel|x86.ActiveCfg = MinSizeRel|Win32
		{0D8615C9-8D9B-35CC-9513-BB9EDCF9A38F}.MinSizeRel|x86.Build.0 = MinSizeRel|Win32
		{0D8615C9-8D9B-35CC-9513-BB9EDCF9A38F}.Release|x64.ActiveCfg = Release|Win32
		{0D8615C9-8D9B-35CC-9513-BB9EDCF9A38F}.Release|x86.ActiveCfg = Release|Win32
		{0D8615C9-8D9B-35CC-9513-BB9EDCF9A38F}.Release|x86.Build.0 = Release|Win32
		{0D8615C9-8D9B-35CC-9513-BB9EDCF9A38F}.RelWithDebInfo|x64.ActiveCfg = RelWithDebInfo|Win32
		{0D8615C9-8D9B-35CC-9513-BB9EDCF9A38F}.RelWithDebInfo|x86.ActiveCfg = RelWithDebInfo|Win32
		{0D8615C9-8D9B-35CC-9513-BB9EDCF9A38F}.RelWithDebInfo|x86.Build.0 = RelWithDebInfo|Win32
		{86F6DF90-D9D7-39A9-971E-C8017279A800}.Debug|x64.ActiveCfg = Debug|Win32
		{86F6DF90-D9D7-39A9-971E-C8017279A800}.Debug|x86.ActiveCfg = Debug|Win32
		{86F6DF90-D9D7-39A9-971E-C8017279A800}.Debug|x86.Build.0 = Debug|Win32
		{86F6DF90-D9D7-39A9-971E-C8017279A800}.MinSizeRel|x64.ActiveCfg = MinSizeRel|Win32
		{86F6DF90-D9D7-39A9-971E-C8017279A800}.MinSizeRel|x86.ActiveCfg = MinSizeRel|Win32
		{86F6DF90-D9D7-39A9-971E-C8017279A800}.MinSizeRel|x86.Build.0 = MinSizeRel|Win32
		{86F6DF90-D9D7-39A9-971E-C8017279A800}.Release|x64.ActiveCfg = Release|Win32
		{86F6DF90-D9D7-39A9-971E-C8017279A800}.Release|x86.ActiveCfg = Release|Win32
		{86F6DF90-D9D7-39A9-971E-C8017279A800}.Release|x86.Build.0 = Release|Win32
		{86F6DF90-D9D7-39A9-971E-C8017279A800}.RelWithDebInfo|x64.ActiveCfg = RelWithDebInfo|Win32
		{86F6DF90-D9D7-39A9-971E-C8017279A800}.RelWithDebInfo|x86.ActiveCfg = RelWithDebInfo|Win32
		{86F6DF90-D9D7-39A9-971E-C8017279A800}.RelWithDebInfo|x86.Build.0 = RelWithDebInfo|Win32
		{4387C218-FCFE-3F0D-818F-DE9525FEE1C7}.Debug|x64.ActiveCfg = Debug|Win32
		{4387C218-FCFE-3F0D-818F-DE9525FEE1C7}.Debug|x86.ActiveCfg = Debug|Win32
		{4387C218-FCFE-3F0D-818F-DE9525FEE1C7}.Debug|x86.Build.0 = Debug|Win32
		{4387C218-FCFE-3F0D-818F-DE9525FEE1C7}.MinSizeRel|x64.ActiveCfg = MinSizeRel|Win32
		{4387C218-FCFE-3F0D-818F-DE9525FEE1C7}.MinSizeRel|x86.ActiveCfg = MinSizeRel|Win32
		{4387C218-FCFE-3F0D-818F-DE9525FEE1C7}.MinSizeRel|x86.Build.0 = MinSizeRel|Win32
		{4387C218-FCFE-3F0D-818F-DE9525FEE1C7}.Release|x64.ActiveCfg = Release|Win32
		{4387C218-FCFE-3F0D-818F-DE9525FEE1C7}.Release|x86.ActiveCfg = Release|Win32
		{4387C218-FCFE-3F0D-818F-DE9525FEE1C7}.Release|x86.Build.0 = Release|Win32
		{4387C218-FCFE-3F0D-818F-DE9525FEE1C7}.RelWithDebInfo|x64.ActiveCfg = RelWithDebInfo|Win32
		{4387C218-FCFE-3F0D-818F-DE9525FEE1C7}.RelWithDebInfo|x86.ActiveCfg = RelWithDebInfo|Win32
		{4387C218-FCFE-3F0D-818F-DE9525FEE1C7}.RelWithDebInfo|x86.Build.0 = RelWithDebInfo|Win32
		{B0C00405-99FB-3E01-B603-6F8B6ECEF5FE}.Debug|x64.ActiveCfg = Debug|Win32
		{B0C00405-99FB-3E01-B603-6F8B6ECEF5FE}.Debug|x86.ActiveCfg = Debug|Win32
		{B0C00405-99FB-3E01-B603-6F8B6ECEF5FE}.Debug|x86.Build.0 = Debug|Win32
		{B0C00405-99FB-3E01-B603-6F8B6ECEF5FE}.MinSizeRel|x64.ActiveCfg = MinSizeRel|Win32
		{B0C00405-99FB-3E01-B603-6F8B6ECEF5FE}.MinSizeRel|x86.ActiveCfg = MinSizeRel|Win32
		{B0C00405-99FB-3E01-B603-6F8B6ECEF5FE}.MinSizeRel|x86.Build.0 = MinSizeRel|Win32
		{B0C00405-99FB-3E01-B603-6F8B6ECEF5FE}.Release|x64.ActiveCfg = Release|Win32
		{B0C00405-99FB-3E01-B603-6F8B6ECEF5FE}.Release|x86.ActiveCfg = Release|Win32
		{B0C00405-99FB-3E01-B603-6F8B6ECEF5FE}.Release|x86.Build.0 = Release|Win32
		{B0C00405-99FB-3E01-B603-6F8B6ECEF5FE}.RelWithDebInfo|x64.ActiveCfg = RelWithDebInfo|Win32
		{B0C00405-99FB-3E01-B603-6F8B6ECEF5FE}.RelWithDebInfo|x86.ActiveCfg = RelWithDebInfo|Win32
		{B0C00405-99FB-3E01-B603-6F8B6ECEF5FE}.RelWithDebInfo|x86.Build.0 = RelWithDebInfo|Win32
		{BF3F82B5-0F2F-382E-B615-67BD2387880C}.Debug|x64.ActiveCfg = Debug|Win32
		{BF3F82B5-0F2F-382E-B615-67BD2387880C}.Debug|x86.ActiveCfg = Debug|Win32
		{BF3F82B5-0F2F-382E-B615-67BD2387880C}.Debug|x86.Build.0 = Debug|Win32
		{BF3F82B5-0F2F-382E-B615-67BD2387880C}.MinSizeRel|x64.ActiveCfg = MinSizeRel|Win32
		{BF3F82B5-0F2F-382E-B615-67BD2387880C}.MinSizeRel|x86.ActiveCfg = MinSizeRel|Win32
		{BF3F82B5-0F2F-382E-B615-67BD2387880C}.MinSizeRel|x86.Build.0 = MinSizeRel|Win32
		{BF3F82B5-0F2F-382E-B615-67BD2387880C}.Release|x64.ActiveCfg = Release|Win32
		{BF3F82B5-0F2F-382E-B615-67BD2387880C}.Release|x86.ActiveCfg = Release|Win32
		{BF3F82B5-0F2F-382E-B615-67BD2387880C}.Release|x86.Build.0 = Release|Win32
		{BF3F82B5-0F2F-382E-B615-67BD2387880C}.RelWithDebInfo|x64.ActiveCfg = RelWithDebInfo|Win32
		{BF3F82B5-0F2F-382E-B615-67BD2387880C}.RelWithDebInfo|x86.ActiveCfg = RelWithDebInfo|Win32
		{BF3F82B5-0F2F-382E-B615-67BD2387880C}.RelWithDebInfo|x86.Build.0 = RelWithDebInfo|Win32
		{8752E0B9-1D51-3B22-9222-EADEA6DCEAC4}.Debug|x64.ActiveCfg = Debug|Win32
		{8752E0B9-1D51-3B22-9222-EADEA6DCEAC4}.Debug|x86.ActiveCfg = Debug|Win32
		{8752E0B9-1D51-3B22-9222-EADEA6DCEAC4}.Debug|x86.Build.0 = Debug|Win32
		{8752E0B9-1D51-3B22-9222-EADEA6DCEAC4}.MinSizeRel|x64.ActiveCfg = MinSizeRel|Win32
		{8752E0B9-1D51-3B22-9222-EADEA6DCEAC4}.MinSizeRel|x86.ActiveCfg = MinSizeRel|Win32
		{8752E0B9-1D51-3B22-9222-EADEA6DCEAC4}.MinSizeRel|x86.Build.0 = MinSizeRel|Win32
		{8752E0B9-1D51-3B22-9222-EADEA6DCEAC4}.Release|x64.ActiveCfg = Release|Win32
		{8752E0B9-1D51-3B22-9222-EADEA6DCEAC4}.Release|x86.ActiveCfg = Release|Win32
		{8752E0B9-1D51-3B22-9222-EADEA6DCEAC4}.Release|x86.Build.0 = Release|Win32
		{8752E0B9-1D51-3B22-9222-EADEA6DCEAC4}.RelWithDebInfo|x64.ActiveCfg = RelWithDebInfo|Win32
		{8752E0B9-1D51-3B22-9222-EADEA6DCEAC4}.RelWithDebInfo|x86.ActiveCfg = RelWithDebInfo|Win32
		{8752E0B9-1D51-3B22-9222-EADEA6DCEAC4}.RelWithDebInfo|x86.Build.0 = RelWithDebInfo|Win32
		{140C599C-38E8-3ADE-9707-D79E6481E484}.Debug|x64.ActiveCfg = Debug|Win32
		{140C599C-38E8-3ADE-9707-D79E6481E484}.Debug|x86.ActiveCfg = Debug|Win32
		{140C599C-38E8-3ADE-9707-D79E6481E484}.Debug|x86.Build.0 = Debug|Win32
		{140C599C-38E8-3ADE-9707-D79E6481E484}.MinSizeRel|x64.ActiveCfg = MinSizeRel|Win32
		{140C599C-38E8-3ADE-9707-D79E6481E484}.MinSizeRel|x86.ActiveCfg = MinSizeRel|Win32
		{140C599C-38E8-3ADE-9707-D79E6481E484}.MinSizeRel|x86.Build.0 = MinSizeRel|Win32
		{140C599C-38E8-3ADE-9707-D79E6481E484}.Release|x64.ActiveCfg = Release|Win32
		{140C599C-38E8-3ADE-9707-D79E6481E484}.Release|x86.ActiveCfg = Release|Win32
		{140C599C-38E8-3ADE-9707-D79E6481E484}.Release|x86.Build.0 = Release|Win32
		{140C599C-38E8-3ADE-9707-D79E6481E484}.RelWithDebInfo|x64.ActiveCfg = RelWithDebInfo|Win32
		{140C599C-38E8-3ADE-9707-D79E6481E484}.RelWithDebInfo|x86.ActiveCfg = RelWithDebInfo|Win32
		{140C599C-38E8-3ADE-9707-D79E6481E484}.RelWithDebInfo|x86.Build.0 = RelWithDebInfo|Win32
		{D6C7FA1E-EDFD-39DA-A8EE-809BA6752372}.Debug|x64.ActiveCfg = Debug|Win32
		{D6C7FA1E-EDFD-39DA-A8EE-809BA6752372}.Debug|x86.ActiveCfg = Debug|Win32
		{D6C7FA1E-EDFD-39DA-A8EE-809BA6752372}.Debug|x86.Build.0 = Debug|Win32
		{D6C7FA1E-EDFD-39DA-A8EE-809BA6752372}.MinSizeRel|x64.ActiveCfg = MinSizeRel|Win32
		{D6C7FA1E-EDFD-39DA-A8EE-809BA6752372}.MinSizeRel|x86.ActiveCfg = MinSizeRel|Win32
		{D6C7FA1E-EDFD-39DA-A8EE-809BA6752372}.MinSizeRel|x86.Build.0 = MinSizeRel|Win32
		{D6C7FA1E-EDFD-39DA-A8EE-809BA6752372}.Release|x64.ActiveCfg = Release|Win32
		{D6C7FA1E-EDFD-39DA-A8EE-809BA6752372}.Release|x86.ActiveCfg = Release|Win32
		{D6C7FA1E-EDFD-39DA-A8EE-809BA6752372}.Release|x86.Build.0 = Release|Win32
		{D6C7FA1E-EDFD-39DA-A8EE-809BA6752372}.RelWithDebInfo|x64.ActiveCfg = RelWithDebInfo|Win32
		{D6C7FA1E-EDFD-39DA-A8EE-809BA6752372}.RelWithDebInfo|x86.ActiveCfg = RelWithDebInfo|Win32
		{D6C7FA1E-EDFD-39DA-A8EE-809BA6752372}.RelWithDebInfo|x86.Build.0 = RelWithDebInfo|Win32
		{AC0998F1-71F0-36FC-A88B-FD8169E615AF}.Debug|x64.ActiveCfg = Debug|Win32
		{AC0998F1-71F0-36FC-A88B-FD8169E615AF}.Debug|x86.ActiveCfg = Debug|Win32
		{AC0998F1-71F0-36FC-A88B-FD8169E615AF}.Debug|x86.Build.0 = Debug|Win32
		{AC0998F1-71F0-36FC-A88B-FD8169E615AF}.MinSizeRel|x64.ActiveCfg = MinSizeRel|Win32
		{AC0998F1-71F0-36FC-A88B-FD8169E615AF}.MinSizeRel|x86.ActiveCfg = MinSizeRel|Win32
		{AC0998F1-71F0-36FC-A88B-FD8169E615AF}.MinSizeRel|x86.Build.0 = MinSizeRel|Win32
		{AC0998F1-71F0-36FC-A88B-FD8169E615AF}.Release|x64.ActiveCfg = Release|Win32
		{AC0998F1-71F0-36FC-A88B-FD8169E615AF}.Release|x86.ActiveCfg = Release|Win32
		{AC0998F1-71F0-36FC-A88B-FD8169E615AF}.Release|x86.Build.0 = Release|Win32
		{AC0998F1-71F0-36FC-A88B-FD8169E615AF}.RelWithDebInfo|x64.ActiveCfg = RelWithDebInfo|Win32
		{AC0998F1-71F0-36FC-A88B-FD8169E615AF}.RelWithDebInfo|x86.ActiveCfg = RelWithDebInfo|Win32
		{AC0998F1-71F0-36FC-A88B-FD8169E615AF}.RelWithDebInfo|x86.Build.0 = RelWithDebInfo|Win32
		{D0DEAE3C-0AEA-3F5B-897C-11B4C5A2DA8E}.Debug|x64.ActiveCfg = Debug|Win32
		{D0DEAE3C-0AEA-3F5B-897C-11B4C5A2DA8E}.Debug|x86.ActiveCfg = Debug|Win32
		{D0DEAE3C-0AEA-3F5B-897C-11B4C5A2DA8E}.Debug|x86.Build.0 = Debug|Win32
		{D0DEAE3C-0AEA-3F5B-897C-11B4C5A2DA8E}.MinSizeRel|x64.ActiveCfg = MinSizeRel|Win32
		{D0DEAE3C-0AEA-3F5B-897C-11B4C5A2DA8E}.MinSizeRel|x86.ActiveCfg = MinSizeRel|Win32
		{D0DEAE3C-0AEA-3F5B-897C-11B4C5A2DA8E}.MinSizeRel|x86.Build.0 = MinSizeRel|Win32
		{D0DEAE3C-0AEA-3F5B-897C-11B4C5A2DA8E}.Release|x64.ActiveCfg = Release|Win32
		{D0DEAE3C-0AEA-3F5B-897C-11B4C5A2DA8E}.Release|x86.ActiveCfg = Release|Win32
		{D0DEAE3C-0AEA-3F5B-897C-11B4C5A2DA8E}.Release|x86.Build.0 = Release|Win32
		{D0DEAE3C-0AEA-3F5B-897C-11B4C5A2DA8E}.RelWithDebInfo|x64.ActiveCfg = RelWithDebInfo|Win32
		{D0DEAE3C-0AEA-3F5B-897C-11B4C5A2DA8E}.RelWithDebInfo|x86.ActiveCfg = RelWithDebInfo|Win32
		{D0DEAE3C-0AEA-3F5B-897C-11B4C5A2DA8E}.RelWithDebInfo|x86.Build.0 = RelWithDebInfo|Win32
		{6BC65779-6D30-381B-BFDF-483AF84699B4}.Debug|x64.ActiveCfg = Debug|Win32
		{6BC65779-6D30-381B-BFDF-483AF84699B4}.Debug|x86.ActiveCfg = Debug|Win32
		{6BC65779-6D30-381B-BFDF-483AF84699B4}.Debug|x86.Build.0 = Debug|Win32
		{6BC65779-6D30-381B-BFDF-483AF84699B4}.MinSizeRel|x64.ActiveCfg = MinSizeRel|Win32
		{6BC65779-6D30-381B-BFDF-483AF84699B4}.MinSizeRel|x86.ActiveCfg = MinSizeRel|Win32
		{6BC65779-6D30-381B-BFDF-483AF84699B4}.MinSizeRel|x86.Build.0 = MinSizeRel|Win32
		{6BC65779-6D30-381B-BFDF-483AF84699B4}.Release|x64.ActiveCfg = Release|Win32
		{6BC65779-6D30-381B-BFDF-483AF84699B4}.Release|x86.ActiveCfg = Release|Win32
		{6BC65779-6D30-381B-BFDF-483AF84699B4}.Release|x86.Build.0 = Release|Win32
		{6BC65779-6D30-381B-BFDF-483AF84699B4}.RelWithDebInfo|x64.ActiveCfg = RelWithDebInfo|Win32
		{6BC65779-6D30-381B-BFDF-483AF84699B4}.RelWithDebInfo|x86.ActiveCfg = RelWithDebInfo|Win32
		{6BC65779-6D30-381B-BFDF-483AF84699B4}.RelWithDebInfo|x86.Build.0 = RelWithDebInfo|Win32
		{D1063A55-B5D3-33C2-B896-7F4C34CCC5FE}.Debug|x64.ActiveCfg = Debug|Win32
		{D1063A55-B5D3-33C2-B896-7F4C34CCC5FE}.Debug|x86.ActiveCfg = Debug|Win32
		{D1063A55-B5D3-33C2-B896-7F4C34CCC5FE}.Debug|x86.Build.0 = Debug|Win32
		{D1063A55-B5D3-33C2-B896-7F4C34CCC5FE}.MinSizeRel|x64.ActiveCfg = MinSizeRel|Win32
		{D1063A55-B5D3-33C2-B896-7F4C34CCC5FE}.MinSizeRel|x86.ActiveCfg = MinSizeRel|Win32
		{D1063A55-B5D3-33C2-B896-7F4C34CCC5FE}.MinSizeRel|x86.Build.0 = MinSizeRel|Win32
		{D1063A55-B5D3-33C2-B896-7F4C34CCC5FE}.Release|x64.ActiveCfg = Release|Win32
		{D1063A55-B5D3-33C2-B896-7F4C34CCC5FE}.Release|x86.ActiveCfg = Release|Win32
		{D1063A55-B5D3-33C2-B896-7F4C34CCC5FE}.Release|x86.Build.0 = Release|Win32
		{D1063A55-B5D3-33C2-B896-7F4C34CCC5FE}.RelWithDebInfo|x64.ActiveCfg = RelWithDebInfo|Win32
		{D1063A55-B5D3-33C2-B896-7F4C34CCC5FE}.RelWithDebInfo|x86.ActiveCfg = RelWithDebInfo|Win32
		{D1063A55-B5D3-33C2-B896-7F4C34CCC5FE}.RelWithDebInfo|x86.Build.0 = RelWithDebInfo|Win32
		{2325C860-6A6D-3002-AD46-E55706D04A22}.Debug|x64.ActiveCfg = Debug|Win32
		{2325C860-6A6D-3002-AD46-E55706D04A22}.Debug|x86.ActiveCfg = Debug|Win32
		{2325C860-6A6D-3002-AD46-E55706D04A22}.Debug|x86.Build.0 = Debug|Win32
		{2325C860-6A6D-3002-AD46-E55706D04A22}.MinSizeRel|x64.ActiveCfg = MinSizeRel|Win32
		{2325C860-6A6D-3002-AD46-E55706D04A22}.MinSizeRel|x86.ActiveCfg = MinSizeRel|Win32
		{2325C860-6A6D-3002-AD46-E55706D04A22}.MinSizeRel|x86.Build.0 = MinSizeRel|Win32
		{2325C860-6A6D-3002-AD46-E55706D04A22}.Release|x64.ActiveCfg = Release|Win32
		{2325C860-6A6D-3002-AD46-E55706D04A22}.Release|x86.ActiveCfg = Release|Win32
		{2325C860-6A6D-3002-AD46-E55706D04A22}.Release|x86.Build.0 = Release|Win32
		{2325C860-6A6D-3002-AD46-E55706D04A22}.RelWithDebInfo|x64.ActiveCfg = RelWithDebInfo|Win32
		{2325C860-6A6D-3002-AD46-E55706D04A22}.RelWithDebInfo|x86.ActiveCfg = RelWithDebInfo|Win32
		{2325C860-6A6D-3002-AD46-E55706D04A22}.RelWithDebInfo|x86.Build.0 = RelWithDebInfo|Win32
		{ECBE672A-5E11-33E9-97E6-D32133829953}.Debug|x64.ActiveCfg = Debug|Win32
		{ECBE672A-5E11-33E9-97E6-D32133829953}.Debug|x86.ActiveCfg = Debug|Win32
		{ECBE672A-5E11-33E9-97E6-D32133829953}.Debug|x86.Build.0 = Debug|Win32
		{ECBE672A-5E11-33E9-97E6-D32133829953}.MinSizeRel|x64.ActiveCfg = MinSizeRel|Win32
		{ECBE672A-5E11-33E9-97E6-D32133829953}.MinSizeRel|x86.ActiveCfg = MinSizeRel|Win32
		{ECBE672A-5E11-33E9-97E6-D32133829953}.MinSizeRel|x86.Build.0 = MinSizeRel|Win32
		{ECBE672A-5E11-33E9-97E6-D32133829953}.Release|x64.ActiveCfg = Release|Win32
		{ECBE672A-5E11-33E9-97E6-D32133829953}.Release|x86.ActiveCfg = Release|Win32
		{ECBE672A-5E11-33E9-97E6-D32133829953}.Release|x86.Build.0 = Release|Win32
		{ECBE672A-5E11-33E9-97E6-D32133829953}.RelWithDebInfo|x64.ActiveCfg = RelWithDebInfo|Win32
		{ECBE672A-5E11-33E9-97E6-D32133829953}.RelWithDebInfo|x86.ActiveCfg = RelWithDebInfo|Win32
		{ECBE672A-5E11-33E9-97E6-D32133829953}.RelWithDebInfo|x86.Build.0 = RelWithDebInfo|Win32
		{1A2DFA5F-BE1C-3F4A-BA6F-07EC32259339}.Debug|x64.ActiveCfg = Debug|Win32
		{1A2DFA5F-BE1C-3F4A-BA6F-07EC32259339}.Debug|x86.ActiveCfg = Debug|Win32
		{1A2DFA5F-BE1C-3F4A-BA6F-07EC32259339}.Debug|x86.Build.0 = Debug|Win32
		{1A2DFA5F-BE1C-3F4A-BA6F-07EC32259339}.MinSizeRel|x64.ActiveCfg = MinSizeRel|Win32
		{1A2DFA5F-BE1C-3F4A-BA6F-07EC32259339}.MinSizeRel|x86.ActiveCfg = MinSizeRel|Win32
		{1A2DFA5F-BE1C-3F4A-BA6F-07EC32259339}.MinSizeRel|x86.Build.0 = MinSizeRel|Win32
		{1A2DFA5F-BE1C-3F4A-BA6F-07EC32259339}.Release|x64.ActiveCfg = Release|Win32
		{1A2DFA5F-BE1C-3F4A-BA6F-07EC32259339}.Release|x86.ActiveCfg = Release|Win32
		{1A2DFA5F-BE1C-3F4A-BA6F-07EC32259339}.Release|x86.Build.0 = Release|Win32
		{1A2DFA5F-BE1C-3F4A-BA6F-07EC32259339}.RelWithDebInfo|x64.ActiveCfg = RelWithDebInfo|Win32
		{1A2DFA5F-BE1C-3F4A-BA6F-07EC32259339}.RelWithDebInfo|x86.ActiveCfg = RelWithDebInfo|Win32
		{1A2DFA5F-BE1C-3F4A-BA6F-07EC32259339}.RelWithDebInfo|x86.Build.0 = RelWithDebInfo|Win32
		{F0775D98-DCA3-4753-83F8-816E1A66BB06}.Debug|x64.ActiveCfg = Debug|x64
		{F0775D98-DCA3-4753-83F8-816E1A66BB06}.Debug|x64.Build.0 = Debug|x64
		{F0775D98-DCA3-4753-83F8-816E1A66BB06}.Debug|x86.ActiveCfg = Debug|Win32
		{F0775D98-DCA3-4753-83F8-816E1A66BB06}.Debug|x86.Build.0 = Debug|Win32
		{F0775D98-DCA3-4753-83F8-816E1A66BB06}.MinSizeRel|x64.ActiveCfg = Release|x64
		{F0775D98-DCA3-4753-83F8-816E1A66BB06}.MinSizeRel|x64.Build.0 = Release|x64
		{F0775D98-DCA3-4753-83F8-816E1A66BB06}.MinSizeRel|x86.ActiveCfg = Release|Win32
		{F0775D98-DCA3-4753-83F8-816E1A66BB06}.MinSizeRel|x86.Build.0 = Release|Win32
		{F0775D98-DCA3-4753-83F8-816E1A66BB06}.Release|x64.ActiveCfg = Release|x64
		{F0775D98-DCA3-4753-83F8-816E1A66BB06}.Release|x64.Build.0 = Release|x64
		{F0775D98-DCA3-4753-83F8-816E1A66BB06}.Release|x86.ActiveCfg = Release|Win32
		{F0775D98-DCA3-4753-83F8-816E1A66BB06}.Release|x86.Build.0 = Release|Win32
		{F0775D98-DCA3-4753-83F8-816E1A66BB06}.RelWithDebInfo|x64.ActiveCfg = Release|x64
		{F0775D98-DCA3-4753-83F8-816E1A66BB06}.RelWithDebInfo|x64.Build.0 = Release|x64
		{F0775D98-DCA3-4753-83F8-816E1A66BB06}.RelWithDebInfo|x86.ActiveCfg = Release|Win32
		{F0775D98-DCA3-4753-83F8-816E1A66BB06}.RelWithDebInfo|x86.Build.0 = Release|Win32
		{20D80AB0-E0A6-3757-9D9D-B82EACABAF58}.Debug|x64.ActiveCfg = Debug|Win32
		{20D80AB0-E0A6-3757-9D9D-B82EACABAF58}.Debug|x86.ActiveCfg = Debug|Win32
		{20D80AB0-E0A6-3757-9D9D-B82EACABAF58}.Debug|x86.Build.0 = Debug|Win32
		{20D80AB0-E0A6-3757-9D9D-B82EACABAF58}.MinSizeRel|x64.ActiveCfg = MinSizeRel|Win32
		{20D80AB0-E0A6-3757-9D9D-B82EACABAF58}.MinSizeRel|x86.ActiveCfg = MinSizeRel|Win32
		{20D80AB0-E0A6-3757-9D9D-B82EACABAF58}.MinSizeRel|x86.Build.0 = MinSizeRel|Win32
		{20D80AB0-E0A6-3757-9D9D-B82EACABAF58}.Release|x64.ActiveCfg = Release|Win32
		{20D80AB0-E0A6-3757-9D9D-B82EACABAF58}.Release|x86.ActiveCfg = Release|Win32
		{20D80AB0-E0A6-3757-9D9D-B82EACABAF58}.Release|x86.Build.0 = Release|Win32
		{20D80AB0-E0A6-3757-9D9D-B82EACABAF58}.RelWithDebInfo|x64.ActiveCfg = RelWithDebInfo|Win32
		{20D80AB0-E0A6-3757-9D9D-B82EACABAF58}.RelWithDebInfo|x86.ActiveCfg = RelWithDebInfo|Win32
		{20D80AB0-E0A6-3757-9D9D-B82EACABAF58}.RelWithDebInfo|x86.Build.0 = RelWithDebInfo|Win32
		{77830482-1E63-347B-ADC6-1AC7F2ED8552}.Debug|x64.ActiveCfg = Debug|Win32
		{77830482-1E63-347B-ADC6-1AC7F2ED8552}.Debug|x86.ActiveCfg = Debug|Win32
		{77830482-1E63-347B-ADC6-1AC7F2ED8552}.Debug|x86.Build.0 = Debug|Win32
		{77830482-1E63-347B-ADC6-1AC7F2ED8552}.MinSizeRel|x64.ActiveCfg = MinSizeRel|Win32
		{77830482-1E63-347B-ADC6-1AC7F2ED8552}.MinSizeRel|x86.ActiveCfg = MinSizeRel|Win32
		{77830482-1E63-347B-ADC6-1AC7F2ED8552}.MinSizeRel|x86.Build.0 = MinSizeRel|Win32
		{77830482-1E63-347B-ADC6-1AC7F2ED8552}.Release|x64.ActiveCfg = Release|Win32
		{77830482-1E63-347B-ADC6-1AC7F2ED8552}.Release|x86.ActiveCfg = Release|Win32
		{77830482-1E63-347B-ADC6-1AC7F2ED8552}.Release|x86.Build.0 = Release|Win32
		{77830482-1E63-347B-ADC6-1AC7F2ED8552}.RelWithDebInfo|x64.ActiveCfg = RelWithDebInfo|Win32
		{77830482-1E63-347B-ADC6-1AC7F2ED8552}.RelWithDebInfo|x86.ActiveCfg = RelWithDebInfo|Win32
		{77830482-1E63-347B-ADC6-1AC7F2ED8552}.RelWithDebInfo|x86.Build.0 = RelWithDebInfo|Win32
		{7BD3D943-734B-3CCF-9E54-4468F87315BB}.Debug|x64.ActiveCfg = Debug|Win32
		{7BD3D943-734B-3CCF-9E54-4468F87315BB}.Debug|x86.ActiveCfg = Debug|Win32
		{7BD3D943-734B-3CCF-9E54-4468F87315BB}.Debug|x86.Build.0 = Debug|Win32
		{7BD3D943-734B-3CCF-9E54-4468F87315BB}.MinSizeRel|x64.ActiveCfg = MinSizeRel|Win32
		{7BD3D943-734B-3CCF-9E54-4468F87315BB}.MinSizeRel|x86.ActiveCfg = MinSizeRel|Win32
		{7BD3D943-734B-3CCF-9E54-4468F87315BB}.MinSizeRel|x86.Build.0 = MinSizeRel|Win32
		{7BD3D943-734B-3CCF-9E54-4468F87315BB}.Release|x64.ActiveCfg = Release|Win32
		{7BD3D943-734B-3CCF-9E54-4468F87315BB}.Release|x86.ActiveCfg = Release|Win32
		{7BD3D943-734B-3CCF-9E54-4468F87315BB}.Release|x86.Build.0 = Release|Win32
		{7BD3D943-734B-3CCF-9E54-4468F87315BB}.RelWithDebInfo|x64.ActiveCfg = RelWithDebInfo|Win32
		{7BD3D943-734B-3CCF-9E54-4468F87315BB}.RelWithDebInfo|x86.ActiveCfg = RelWithDebInfo|Win32
		{7BD3D943-734B-3CCF-9E54-4468F87315BB}.RelWithDebInfo|x86.Build.0 = RelWithDebInfo|Win32
		{DE3778C1-2D84-39A5-95FC-DFC5EE4C5CE4}.Debug|x64.ActiveCfg = Debug|Win32
		{DE3778C1-2D84-39A5-95FC-DFC5EE4C5CE4}.Debug|x86.ActiveCfg = Debug|Win32
		{DE3778C1-2D84-39A5-95FC-DFC5EE4C5CE4}.Debug|x86.Build.0 = Debug|Win32
		{DE3778C1-2D84-39A5-95FC-DFC5EE4C5CE4}.MinSizeRel|x64.ActiveCfg = MinSizeRel|Win32
		{DE3778C1-2D84-39A5-95FC-DFC5EE4C5CE4}.MinSizeRel|x86.ActiveCfg = MinSizeRel|Win32
		{DE3778C1-2D84-39A5-95FC-DFC5EE4C5CE4}.MinSizeRel|x86.Build.0 = MinSizeRel|Win32
		{DE3778C1-2D84-39A5-95FC-DFC5EE4C5CE4}.Release|x64.ActiveCfg = Release|Win32
		{DE3778C1-2D84-39A5-95FC-DFC5EE4C5CE4}.Release|x86.ActiveCfg = Release|Win32
		{DE3778C1-2D84-39A5-95FC-DFC5EE4C5CE4}.Release|x86.Build.0 = Release|Win32
		{DE3778C1-2D84-39A5-95FC-DFC5EE4C5CE4}.RelWithDebInfo|x64.ActiveCfg = RelWithDebInfo|Win32
		{DE3778C1-2D84-39A5-95FC-DFC5EE4C5CE4}.RelWithDebInfo|x86.ActiveCfg = RelWithDebInfo|Win32
		{DE3778C1-2D84-39A5-95FC-DFC5EE4C5CE4}.RelWithDebInfo|x86.Build.0 = RelWithDebInfo|Win32
		{F9F947D4-EF10-3C6F-9190-D4589F41FE41}.Debug|x64.ActiveCfg = Debug|Win32
		{F9F947D4-EF10-3C6F-9190-D4589F41FE41}.Debug|x86.ActiveCfg = Debug|Win32
		{F9F947D4-EF10-3C6F-9190-D4589F41FE41}.Debug|x86.Build.0 = Debug|Win32
		{F9F947D4-EF10-3C6F-9190-D4589F41FE41}.MinSizeRel|x64.ActiveCfg = MinSizeRel|Win32
		{F9F947D4-EF10-3C6F-9190-D4589F41FE41}.MinSizeRel|x86.ActiveCfg = MinSizeRel|Win32
		{F9F947D4-EF10-3C6F-9190-D4589F41FE41}.MinSizeRel|x86.Build.0 = MinSizeRel|Win32
		{F9F947D4-EF10-3C6F-9190-D4589F41FE41}.Release|x64.ActiveCfg = Release|Win32
		{F9F947D4-EF10-3C6F-9190-D4589F41FE41}.Release|x86.ActiveCfg = Release|Win32
		{F9F947D4-EF10-3C6F-9190-D4589F41FE41}.Release|x86.Build.0 = Release|Win32
		{F9F947D4-EF10-3C6F-9190-D4589F41FE41}.RelWithDebInfo|x64.ActiveCfg = RelWithDebInfo|Win32
		{F9F947D4-EF10-3C6F-9190-D4589F41FE41}.RelWithDebInfo|x86.ActiveCfg = RelWithDebInfo|Win32
		{F9F947D4-EF10-3C6F-9190-D4589F41FE41}.RelWithDebInfo|x86.Build.0 = RelWithDebInfo|Win32
		{95179FA1-A61C-30EA-86B1-BB7AEF734942}.Debug|x64.ActiveCfg = Debug|Win32
		{95179FA1-A61C-30EA-86B1-BB7AEF734942}.Debug|x86.ActiveCfg = Debug|Win32
		{95179FA1-A61C-30EA-86B1-BB7AEF734942}.Debug|x86.Build.0 = Debug|Win32
		{95179FA1-A61C-30EA-86B1-BB7AEF734942}.MinSizeRel|x64.ActiveCfg = MinSizeRel|Win32
		{95179FA1-A61C-30EA-86B1-BB7AEF734942}.MinSizeRel|x86.ActiveCfg = MinSizeRel|Win32
		{95179FA1-A61C-30EA-86B1-BB7AEF734942}.MinSizeRel|x86.Build.0 = MinSizeRel|Win32
		{95179FA1-A61C-30EA-86B1-BB7AEF734942}.Release|x64.ActiveCfg = Release|Win32
		{95179FA1-A61C-30EA-86B1-BB7AEF734942}.Release|x86.ActiveCfg = Release|Win32
		{95179FA1-A61C-30EA-86B1-BB7AEF734942}.Release|x86.Build.0 = Release|Win32
		{95179FA1-A61C-30EA-86B1-BB7AEF734942}.RelWithDebInfo|x64.ActiveCfg = RelWithDebInfo|Win32
		{95179FA1-A61C-30EA-86B1-BB7AEF734942}.RelWithDebInfo|x86.ActiveCfg = RelWithDebInfo|Win32
		{95179FA1-A61C-30EA-86B1-BB7AEF734942}.RelWithDebInfo|x86.Build.0 = RelWithDebInfo|Win32
		{85087F52-3D0D-3D5A-98CA-86616F4D9B77}.Debug|x64.ActiveCfg = Debug|Win32
		{85087F52-3D0D-3D5A-98CA-86616F4D9B77}.Debug|x86.ActiveCfg = Debug|Win32
		{85087F52-3D0D-3D5A-98CA-86616F4D9B77}.Debug|x86.Build.0 = Debug|Win32
		{85087F52-3D0D-3D5A-98CA-86616F4D9B77}.MinSizeRel|x64.ActiveCfg = MinSizeRel|Win32
		{85087F52-3D0D-3D5A-98CA-86616F4D9B77}.MinSizeRel|x86.ActiveCfg = MinSizeRel|Win32
		{85087F52-3D0D-3D5A-98CA-86616F4D9B77}.MinSizeRel|x86.Build.0 = MinSizeRel|Win32
		{85087F52-3D0D-3D5A-98CA-86616F4D9B77}.Release|x64.ActiveCfg = Release|Win32
		{85087F52-3D0D-3D5A-98CA-86616F4D9B77}.Release|x86.ActiveCfg = Release|Win32
		{85087F52-3D0D-3D5A-98CA-86616F4D9B77}.Release|x86.Build.0 = Release|Win32
		{85087F52-3D0D-3D5A-98CA-86616F4D9B77}.RelWithDebInfo|x64.ActiveCfg = RelWithDebInfo|Win32
		{85087F52-3D0D-3D5A-98CA-86616F4D9B77}.RelWithDebInfo|x86.ActiveCfg = RelWithDebInfo|Win32
		{85087F52-3D0D-3D5A-98CA-86616F4D9B77}.RelWithDebInfo|x86.Build.0 = RelWithDebInfo|Win32
		{195DC5A4-0851-31AB-903C-EF718ABAE347}.Debug|x64.ActiveCfg = Debug|Win32
		{195DC5A4-0851-31AB-903C-EF718ABAE347}.Debug|x86.ActiveCfg = Debug|Win32
		{195DC5A4-0851-31AB-903C-EF718ABAE347}.Debug|x86.Build.0 = Debug|Win32
		{195DC5A4-0851-31AB-903C-EF718ABAE347}.MinSizeRel|x64.ActiveCfg = MinSizeRel|Win32
		{195DC5A4-0851-31AB-903C-EF718ABAE347}.MinSizeRel|x86.ActiveCfg = MinSizeRel|Win32
		{195DC5A4-0851-31AB-903C-EF718ABAE347}.MinSizeRel|x86.Build.0 = MinSizeRel|Win32
		{195DC5A4-0851-31AB-903C-EF718ABAE347}.Release|x64.ActiveCfg = Release|Win32
		{195DC5A4-0851-31AB-903C-EF718ABAE347}.Release|x86.ActiveCfg = Release|Win32
		{195DC5A4-0851-31AB-903C-EF718ABAE347}.Release|x86.Build.0 = Release|Win32
		{195DC5A4-0851-31AB-903C-EF718ABAE347}.RelWithDebInfo|x64.ActiveCfg = RelWithDebInfo|Win32
		{195DC5A4-0851-31AB-903C-EF718ABAE347}.RelWithDebInfo|x86.ActiveCfg = RelWithDebInfo|Win32
		{195DC5A4-0851-31AB-903C-EF718ABAE347}.RelWithDebInfo|x86.Build.0 = RelWithDebInfo|Win32
		{D5D3D6CA-8721-36B2-891E-9294C01A50B0}.Debug|x64.ActiveCfg = Debug|Win32
		{D5D3D6CA-8721-36B2-891E-9294C01A50B0}.Debug|x86.ActiveCfg = Debug|Win32
		{D5D3D6CA-8721-36B2-891E-9294C01A50B0}.Debug|x86.Build.0 = Debug|Win32
		{D5D3D6CA-8721-36B2-891E-9294C01A50B0}.MinSizeRel|x64.ActiveCfg = MinSizeRel|Win32
		{D5D3D6CA-8721-36B2-891E-9294C01A50B0}.MinSizeRel|x86.ActiveCfg = MinSizeRel|Win32
		{D5D3D6CA-8721-36B2-891E-9294C01A50B0}.MinSizeRel|x86.Build.0 = MinSizeRel|Win32
		{D5D3D6CA-8721-36B2-891E-9294C01A50B0}.Release|x64.ActiveCfg = Release|Win32
		{D5D3D6CA-8721-36B2-891E-9294C01A50B0}.Release|x86.ActiveCfg = Release|Win32
		{D5D3D6CA-8721-36B2-891E-9294C01A50B0}.Release|x86.Build.0 = Release|Win32
		{D5D3D6CA-8721-36B2-891E-9294C01A50B0}.RelWithDebInfo|x64.ActiveCfg = RelWithDebInfo|Win32
		{D5D3D6CA-8721-36B2-891E-9294C01A50B0}.RelWithDebInfo|x86.ActiveCfg = RelWithDebInfo|Win32
		{D5D3D6CA-8721-36B2-891E-9294C01A50B0}.RelWithDebInfo|x86.Build.0 = RelWithDebInfo|Win32
		{03808712-0B7E-370F-81DB-2DADA544C58C}.Debug|x64.ActiveCfg = Debug|Win32
		{03808712-0B7E-370F-81DB-2DADA544C58C}.Debug|x86.ActiveCfg = Debug|Win32
		{03808712-0B7E-370F-81DB-2DADA544C58C}.Debug|x86.Build.0 = Debug|Win32
		{03808712-0B7E-370F-81DB-2DADA544C58C}.MinSizeRel|x64.ActiveCfg = MinSizeRel|Win32
		{03808712-0B7E-370F-81DB-2DADA544C58C}.MinSizeRel|x86.ActiveCfg = MinSizeRel|Win32
		{03808712-0B7E-370F-81DB-2DADA544C58C}.MinSizeRel|x86.Build.0 = MinSizeRel|Win32
		{03808712-0B7E-370F-81DB-2DADA544C58C}.Release|x64.ActiveCfg = Release|Win32
		{03808712-0B7E-370F-81DB-2DADA544C58C}.Release|x86.ActiveCfg = Release|Win32
		{03808712-0B7E-370F-81DB-2DADA544C58C}.Release|x86.Build.0 = Release|Win32
		{03808712-0B7E-370F-81DB-2DADA544C58C}.RelWithDebInfo|x64.ActiveCfg = RelWithDebInfo|Win32
		{03808712-0B7E-370F-81DB-2DADA544C58C}.RelWithDebInfo|x86.ActiveCfg = RelWithDebInfo|Win32
		{03808712-0B7E-370F-81DB-2DADA544C58C}.RelWithDebInfo|x86.Build.0 = RelWithDebInfo|Win32
		{2E1FA9FA-67F7-3904-9917-16038F83AFB1}.Debug|x64.ActiveCfg = Debug|Win32
		{2E1FA9FA-67F7-3904-9917-16038F83AFB1}.Debug|x86.ActiveCfg = Debug|Win32
		{2E1FA9FA-67F7-3904-9917-16038F83AFB1}.Debug|x86.Build.0 = Debug|Win32
		{2E1FA9FA-67F7-3904-9917-16038F83AFB1}.MinSizeRel|x64.ActiveCfg = MinSizeRel|Win32
		{2E1FA9FA-67F7-3904-9917-16038F83AFB1}.MinSizeRel|x86.ActiveCfg = MinSizeRel|Win32
		{2E1FA9FA-67F7-3904-9917-16038F83AFB1}.MinSizeRel|x86.Build.0 = MinSizeRel|Win32
		{2E1FA9FA-67F7-3904-9917-16038F83AFB1}.Release|x64.ActiveCfg = Release|Win32
		{2E1FA9FA-67F7-3904-9917-16038F83AFB1}.Release|x86.ActiveCfg = Release|Win32
		{2E1FA9FA-67F7-3904-9917-16038F83AFB1}.Release|x86.Build.0 = Release|Win32
		{2E1FA9FA-67F7-3904-9917-16038F83AFB1}.RelWithDebInfo|x64.ActiveCfg = RelWithDebInfo|Win32
		{2E1FA9FA-67F7-3904-9917-16038F83AFB1}.RelWithDebInfo|x86.ActiveCfg = RelWithDebInfo|Win32
		{2E1FA9FA-67F7-3904-9917-16038F83AFB1}.RelWithDebInfo|x86.Build.0 = RelWithDebInfo|Win32
		{F29EE15B-EAC2-430C-A430-528619C9A1BE}.Debug|x64.ActiveCfg = Debug|x64
		{F29EE15B-EAC2-430C-A430-528619C9A1BE}.Debug|x64.Build.0 = Debug|x64
		{F29EE15B-EAC2-430C-A430-528619C9A1BE}.Debug|x86.ActiveCfg = Debug|Win32
		{F29EE15B-EAC2-430C-A430-528619C9A1BE}.Debug|x86.Build.0 = Debug|Win32
		{F29EE15B-EAC2-430C-A430-528619C9A1BE}.MinSizeRel|x64.ActiveCfg = Release|x64
		{F29EE15B-EAC2-430C-A430-528619C9A1BE}.MinSizeRel|x64.Build.0 = Release|x64
		{F29EE15B-EAC2-430C-A430-528619C9A1BE}.MinSizeRel|x86.ActiveCfg = Release|Win32
		{F29EE15B-EAC2-430C-A430-528619C9A1BE}.MinSizeRel|x86.Build.0 = Release|Win32
		{F29EE15B-EAC2-430C-A430-528619C9A1BE}.Release|x64.ActiveCfg = Release|x64
		{F29EE15B-EAC2-430C-A430-528619C9A1BE}.Release|x64.Build.0 = Release|x64
		{F29EE15B-EAC2-430C-A430-528619C9A1BE}.Release|x86.ActiveCfg = Release|Win32
		{F29EE15B-EAC2-430C-A430-528619C9A1BE}.Release|x86.Build.0 = Release|Win32
		{F29EE15B-EAC2-430C-A430-528619C9A1BE}.RelWithDebInfo|x64.ActiveCfg = Release|x64
		{F29EE15B-EAC2-430C-A430-528619C9A1BE}.RelWithDebInfo|x64.Build.0 = Release|x64
		{F29EE15B-EAC2-430C-A430-528619C9A1BE}.RelWithDebInfo|x86.ActiveCfg = Release|Win32
		{F29EE15B-EAC2-430C-A430-528619C9A1BE}.RelWithDebInfo|x86.Build.0 = Release|Win32
		{00CB37F0-449B-4D16-B0FF-C715CA083F4F}.Debug|x64.ActiveCfg = Debug|x64
		{00CB37F0-449B-4D16-B0FF-C715CA083F4F}.Debug|x64.Build.0 = Debug|x64
		{00CB37F0-449B-4D16-B0FF-C715CA083F4F}.Debug|x86.ActiveCfg = Debug|Win32
		{00CB37F0-449B-4D16-B0FF-C715CA083F4F}.Debug|x86.Build.0 = Debug|Win32
		{00CB37F0-449B-4D16-B0FF-C715CA083F4F}.MinSizeRel|x64.ActiveCfg = Release|x64
		{00CB37F0-449B-4D16-B0FF-C715CA083F4F}.MinSizeRel|x64.Build.0 = Release|x64
		{00CB37F0-449B-4D16-B0FF-C715CA083F4F}.MinSizeRel|x86.ActiveCfg = Release|Win32
		{00CB37F0-449B-4D16-B0FF-C715CA083F4F}.MinSizeRel|x86.Build.0 = Release|Win32
		{00CB37F0-449B-4D16-B0FF-C715CA083F4F}.Release|x64.ActiveCfg = Release|x64
		{00CB37F0-449B-4D16-B0FF-C715CA083F4F}.Release|x64.Build.0 = Release|x64
		{00CB37F0-449B-4D16-B0FF-C715CA083F4F}.Release|x86.ActiveCfg = Release|Win32
		{00CB37F0-449B-4D16-B0FF-C715CA083F4F}.Release|x86.Build.0 = Release|Win32
		{00CB37F0-449B-4D16-B0FF-C715CA083F4F}.RelWithDebInfo|x64.ActiveCfg = Release|x64
		{00CB37F0-449B-4D16-B0FF-C715CA083F4F}.RelWithDebInfo|x64.Build.0 = Release|x64
		{00CB37F0-449B-4D16-B0FF-C715CA083F4F}.RelWithDebInfo|x86.ActiveCfg = Release|Win32
		{00CB37F0-449B-4D16-B0FF-C715CA083F4F}.RelWithDebInfo|x86.Build.0 = Release|Win32
		{C3753BD5-A127-40E0-B66D-F1A85E2CF27F}.Debug|x64.ActiveCfg = Debug|x64
		{C3753BD5-A127-40E0-B66D-F1A85E2CF27F}.Debug|x64.Build.0 = Debug|x64
		{C3753BD5-A127-40E0-B66D-F1A85E2CF27F}.Debug|x86.ActiveCfg = Debug|Win32
		{C3753BD5-A127-40E0-B66D-F1A85E2CF27F}.Debug|x86.Build.0 = Debug|Win32
		{C3753BD5-A127-40E0-B66D-F1A85E2CF27F}.MinSizeRel|x64.ActiveCfg = Release|x64
		{C3753BD5-A127-40E0-B66D-F1A85E2CF27F}.MinSizeRel|x64.Build.0 = Release|x64
		{C3753BD5-A127-40E0-B66D-F1A85E2CF27F}.MinSizeRel|x86.ActiveCfg = Release|Win32
		{C3753BD5-A127-40E0-B66D-F1A85E2CF27F}.MinSizeRel|x86.Build.0 = Release|Win32
		{C3753BD5-A127-40E0-B66D-F1A85E2CF27F}.Release|x64.ActiveCfg = Release|x64
		{C3753BD5-A127-40E0-B66D-F1A85E2CF27F}.Release|x64.Build.0 = Release|x64
		{C3753BD5-A127-40E0-B66D-F1A85E2CF27F}.Release|x86.ActiveCfg = Release|Win32
		{C3753BD5-A127-40E0-B66D-F1A85E2CF27F}.Release|x86.Build.0 = Release|Win32
		{C3753BD5-A127-40E0-B66D-F1A85E2CF27F}.RelWithDebInfo|x64.ActiveCfg = Release|x64
		{C3753BD5-A127-40E0-B66D-F1A85E2CF27F}.RelWithDebInfo|x64.Build.0 = Release|x64
		{C3753BD5-A127-40E0-B66D-F1A85E2CF27F}.RelWithDebInfo|x86.ActiveCfg = Release|Win32
		{C3753BD5-A127-40E0-B66D-F1A85E2CF27F}.RelWithDebInfo|x86.Build.0 = Release|Win32
		{1B3B424D-8D0D-4B1C-B351-8DB6B9AB3962}.Debug|x64.ActiveCfg = Debug|x64
		{1B3B424D-8D0D-4B1C-B351-8DB6B9AB3962}.Debug|x64.Build.0 = Debug|x64
		{1B3B424D-8D0D-4B1C-B351-8DB6B9AB3962}.Debug|x86.ActiveCfg = Debug|Win32
		{1B3B424D-8D0D-4B1C-B351-8DB6B9AB3962}.Debug|x86.Build.0 = Debug|Win32
		{1B3B424D-8D0D-4B1C-B351-8DB6B9AB3962}.MinSizeRel|x64.ActiveCfg = Release|x64
		{1B3B424D-8D0D-4B1C-B351-8DB6B9AB3962}.MinSizeRel|x64.Build.0 = Release|x64
		{1B3B424D-8D0D-4B1C-B351-8DB6B9AB3962}.MinSizeRel|x86.ActiveCfg = Release|Win32
		{1B3B424D-8D0D-4B1C-B351-8DB6B9AB3962}.MinSizeRel|x86.Build.0 = Release|Win32
		{1B3B424D-8D0D-4B1C-B351-8DB6B9AB3962}.Release|x64.ActiveCfg = Release|x64
		{1B3B424D-8D0D-4B1C-B351-8DB6B9AB3962}.Release|x64.Build.0 = Release|x64
		{1B3B424D-8D0D-4B1C-B351-8DB6B9AB3962}.Release|x86.ActiveCfg = Release|Win32
		{1B3B424D-8D0D-4B1C-B351-8DB6B9AB3962}.Release|x86.Build.0 = Release|Win32
		{1B3B424D-8D0D-4B1C-B351-8DB6B9AB3962}.RelWithDebInfo|x64.ActiveCfg = Release|x64
		{1B3B424D-8D0D-4B1C-B351-8DB6B9AB3962}.RelWithDebInfo|x64.Build.0 = Release|x64
		{1B3B424D-8D0D-4B1C-B351-8DB6B9AB3962}.RelWithDebInfo|x86.ActiveCfg = Release|Win32
		{1B3B424D-8D0D-4B1C-B351-8DB6B9AB3962}.RelWithDebInfo|x86.Build.0 = Release|Win32
		{7B41370D-15D0-438D-8375-4E249B7BEA38}.Debug|x64.ActiveCfg = Debug|x64
		{7B41370D-15D0-438D-8375-4E249B7BEA38}.Debug|x64.Build.0 = Debug|x64
		{7B41370D-15D0-438D-8375-4E249B7BEA38}.Debug|x86.ActiveCfg = Debug|Win32
		{7B41370D-15D0-438D-8375-4E249B7BEA38}.Debug|x86.Build.0 = Debug|Win32
		{7B41370D-15D0-438D-8375-4E249B7BEA38}.MinSizeRel|x64.ActiveCfg = Release|x64
		{7B41370D-15D0-438D-8375-4E249B7BEA38}.MinSizeRel|x64.Build.0 = Release|x64
		{7B41370D-15D0-438D-8375-4E249B7BEA38}.MinSizeRel|x86.ActiveCfg = Release|Win32
		{7B41370D-15D0-438D-8375-4E249B7BEA38}.MinSizeRel|x86.Build.0 = Release|Win32
		{7B41370D-15D0-438D-8375-4E249B7BEA38}.Release|x64.ActiveCfg = Release|x64
		{7B41370D-15D0-438D-8375-4E249B7BEA38}.Release|x64.Build.0 = Release|x64
		{7B41370D-15D0-438D-8375-4E249B7BEA38}.Release|x86.ActiveCfg = Release|Win32
		{7B41370D-15D0-438D-8375-4E249B7BEA38}.Release|x86.Build.0 = Release|Win32
		{7B41370D-15D0-438D-8375-4E249B7BEA38}.RelWithDebInfo|x64.ActiveCfg = Release|x64
		{7B41370D-15D0-438D-8375-4E249B7BEA38}.RelWithDebInfo|x64.Build.0 = Release|x64
		{7B41370D-15D0-438D-8375-4E249B7BEA38}.RelWithDebInfo|x86.ActiveCfg = Release|Win32
		{7B41370D-15D0-438D-8375-4E249B7BEA38}.RelWithDebInfo|x86.Build.0 = Release|Win32
		{F9F65CA5-8A9B-4344-86EC-F88A67FD6D92}.Debug|x64.ActiveCfg = Debug|x64
		{F9F65CA5-8A9B-4344-86EC-F88A67FD6D92}.Debug|x64.Build.0 = Debug|x64
		{F9F65CA5-8A9B-4344-86EC-F88A67FD6D92}.Debug|x86.ActiveCfg = Debug|Win32
		{F9F65CA5-8A9B-4344-86EC-F88A67FD6D92}.Debug|x86.Build.0 = Debug|Win32
		{F9F65CA5-8A9B-4344-86EC-F88A67FD6D92}.MinSizeRel|x64.ActiveCfg = Release|x64
		{F9F65CA5-8A9B-4344-86EC-F88A67FD6D92}.MinSizeRel|x64.Build.0 = Release|x64
		{F9F65CA5-8A9B-4344-86EC-F88A67FD6D92}.MinSizeRel|x86.ActiveCfg = Release|Win32
		{F9F65CA5-8A9B-4344-86EC-F88A67FD6D92}.MinSizeRel|x86.Build.0 = Release|Win32
		{F9F65CA5-8A9B-4344-86EC-F88A67FD6D92}.Release|x64.ActiveCfg = Release|x64
		{F9F65CA5-8A9B-4344-86EC-F88A67FD6D92}.Release|x64.Build.0 = Release|x64
		{F9F65CA5-8A9B-4344-86EC-F88A67FD6D92}.Release|x86.ActiveCfg = Release|Win32
		{F9F65CA5-8A9B-4344-86EC-F88A67FD6D92}.Release|x86.Build.0 = Release|Win32
		{F9F65CA5-8A9B-4344-86EC-F88A67FD6D92}.RelWithDebInfo|x64.ActiveCfg = Release|x64
		{F9F65CA5-8A9B-4344-86EC-F88A67FD6D92}.RelWithDebInfo|x64.Build.0 = Release|x64
		{F9F65CA5-8A9B-4344-86EC-F88A67FD6D92}.RelWithDebInfo|x86.ActiveCfg = Release|Win32
		{F9F65CA5-8A9B-4344-86EC-F88A67FD6D92}.RelWithDebInfo|x86.Build.0 = Release|Win32
		{FCCA5F28-65A2-43EE-8B34-A65696C83B6D}.Debug|x64.ActiveCfg = Debug|x64
		{FCCA5F28-65A2-43EE-8B34-A65696C83B6D}.Debug|x64.Build.0 = Debug|x64
		{FCCA5F28-65A2-43EE-8B34-A65696C83B6D}.Debug|x86.ActiveCfg = Debug|Win32
		{FCCA5F28-65A2-43EE-8B34-A65696C83B6D}.Debug|x86.Build.0 = Debug|Win32
		{FCCA5F28-65A2-43EE-8B34-A65696C83B6D}.MinSizeRel|x64.ActiveCfg = Release|x64
		{FCCA5F28-65A2-43EE-8B34-A65696C83B6D}.MinSizeRel|x64.Build.0 = Release|x64
		{FCCA5F28-65A2-43EE-8B34-A65696C83B6D}.MinSizeRel|x86.ActiveCfg = Release|Win32
		{FCCA5F28-65A2-43EE-8B34-A65696C83B6D}.MinSizeRel|x86.Build.0 = Release|Win32
		{FCCA5F28-65A2-43EE-8B34-A65696C83B6D}.Release|x64.ActiveCfg = Release|x64
		{FCCA5F28-65A2-43EE-8B34-A65696C83B6D}.Release|x64.Build.0 = Release|x64
		{FCCA5F28-65A2-43EE-8B34-A65696C83B6D}.Release|x86.ActiveCfg = Release|Win32
		{FCCA5F28-65A2-43EE-8B34-A65696C83B6D}.Release|x86.Build.0 = Release|Win32
		{FCCA5F28-65A2-43EE-8B34-A65696C83B6D}.RelWithDebInfo|x64.ActiveCfg = Release|x64
		{FCCA5F28-65A2-43EE-8B34-A65696C83B6D}.RelWithDebInfo|x64.Build.0 = Release|x64
		{FCCA5F28-65A2-43EE-8B34-A65696C83B6D}.RelWithDebInfo|x86.ActiveCfg = Release|Win32
		{FCCA5F28-65A2-43EE-8B34-A65696C83B6D}.RelWithDebInfo|x86.Build.0 = Release|Win32
		{1A65A4EF-36EA-46A4-B9C6-8F7A83104519}.Debug|x64.ActiveCfg = Debug|x64
		{1A65A4EF-36EA-46A4-B9C6-8F7A83104519}.Debug|x64.Build.0 = Debug|x64
		{1A65A4EF-36EA-46A4-B9C6-8F7A83104519}.Debug|x86.ActiveCfg = Debug|Win32
		{1A65A4EF-36EA-46A4-B9C6-8F7A83104519}.Debug|x86.Build.0 = Debug|Win32
		{1A65A4EF-36EA-46A4-B9C6-8F7A83104519}.MinSizeRel|x64.ActiveCfg = Release|x64
		{1A65A4EF-36EA-46A4-B9C6-8F7A83104519}.MinSizeRel|x64.Build.0 = Release|x64
		{1A65A4EF-36EA-46A4-B9C6-8F7A83104519}.MinSizeRel|x86.ActiveCfg = Release|Win32
		{1A65A4EF-36EA-46A4-B9C6-8F7A83104519}.MinSizeRel|x86.Build.0 = Release|Win32
		{1A65A4EF-36EA-46A4-B9C6-8F7A83104519}.Release|x64.ActiveCfg = Release|x64
		{1A65A4EF-36EA-46A4-B9C6-8F7A83104519}.Release|x64.Build.0 = Release|x64
		{1A65A4EF-36EA-46A4-B9C6-8F7A83104519}.Release|x86.ActiveCfg = Release|Win32
		{1A65A4EF-36EA-46A4-B9C6-8F7A83104519}.Release|x86.Build.0 = Release|Win32
		{1A65A4EF-36EA-46A4-B9C6-8F7A83104519}.RelWithDebInfo|x64.ActiveCfg = Release|x64
		{1A65A4EF-36EA-46A4-B9C6-8F7A83104519}.RelWithDebInfo|x64.Build.0 = Release|x64
		{1A65A4EF-36EA-46A4-B9C6-8F7A83104519}.RelWithDebInfo|x86.ActiveCfg = Release|Win32
		{1A65A4EF-36EA-46A4-B9C6-8F7A83104519}.RelWithDebInfo|x86.Build.0 = Release|Win32
		{A9F981E0-AB44-4286-9DF4-E45EA7A24B65}.Debug|x64.ActiveCfg = Debug|x64
		{A9F981E0-AB44-4286-9DF4-E45EA7A24B65}.Debug|x64.Build.0 = Debug|x64
		{A9F981E0-AB44-4286-9DF4-E45EA7A24B65}.Debug|x86.ActiveCfg = Debug|Win32
		{A9F981E0-AB44-4286-9DF4-E45EA7A24B65}.Debug|x86.Build.0 = Debug|Win32
		{A9F981E0-AB44-4286-9DF4-E45EA7A24B65}.MinSizeRel|x64.ActiveCfg = Release|x64
		{A9F981E0-AB44-4286-9DF4-E45EA7A24B65}.MinSizeRel|x64.Build.0 = Release|x64
		{A9F981E0-AB44-4286-9DF4-E45EA7A24B65}.MinSizeRel|x86.ActiveCfg = Release|Win32
		{A9F981E0-AB44-4286-9DF4-E45EA7A24B65}.MinSizeRel|x86.Build.0 = Release|Win32
		{A9F981E0-AB44-4286-9DF4-E45EA7A24B65}.Release|x64.ActiveCfg = Release|x64
		{A9F981E0-AB44-4286-9DF4-E45EA7A24B65}.Release|x64.Build.0 = Release|x64
		{A9F981E0-AB44-4286-9DF4-E45EA7A24B65}.Release|x86.ActiveCfg = Release|Win32
		{A9F981E0-AB44-4286-9DF4-E45EA7A24B65}.Release|x86.Build.0 = Release|Win32
		{A9F981E0-AB44-4286-9DF4-E45EA7A24B65}.RelWithDebInfo|x64.ActiveCfg = Release|x64
		{A9F981E0-AB44-4286-9DF4-E45EA7A24B65}.RelWithDebInfo|x64.Build.0 = Release|x64
		{A9F981E0-AB44-4286-9DF4-E45EA7A24B65}.RelWithDebInfo|x86.ActiveCfg = Release|Win32
		{A9F981E0-AB44-4286-9DF4-E45EA7A24B65}.RelWithDebInfo|x86.Build.0 = Release|Win32
		{25FBBFA2-111A-450C-B5B3-BAD030152CFB}.Debug|x64.ActiveCfg = Debug|x64
		{25FBBFA2-111A-450C-B5B3-BAD030152CFB}.Debug|x64.Build.0 = Debug|x64
		{25FBBFA2-111A-450C-B5B3-BAD030152CFB}.Debug|x86.ActiveCfg = Debug|Win32
		{25FBBFA2-111A-450C-B5B3-BAD030152CFB}.Debug|x86.Build.0 = Debug|Win32
		{25FBBFA2-111A-450C-B5B3-BAD030152CFB}.MinSizeRel|x64.ActiveCfg = Release|x64
		{25FBBFA2-111A-450C-B5B3-BAD030152CFB}.MinSizeRel|x64.Build.0 = Release|x64
		{25FBBFA2-111A-450C-B5B3-BAD030152CFB}.MinSizeRel|x86.ActiveCfg = Release|Win32
		{25FBBFA2-111A-450C-B5B3-BAD030152CFB}.MinSizeRel|x86.Build.0 = Release|Win32
		{25FBBFA2-111A-450C-B5B3-BAD030152CFB}.Release|x64.ActiveCfg = Release|x64
		{25FBBFA2-111A-450C-B5B3-BAD030152CFB}.Release|x64.Build.0 = Release|x64
		{25FBBFA2-111A-450C-B5B3-BAD030152CFB}.Release|x86.ActiveCfg = Release|Win32
		{25FBBFA2-111A-450C-B5B3-BAD030152CFB}.Release|x86.Build.0 = Release|Win32
		{25FBBFA2-111A-450C-B5B3-BAD030152CFB}.RelWithDebInfo|x64.ActiveCfg = Release|x64
		{25FBBFA2-111A-450C-B5B3-BAD030152CFB}.RelWithDebInfo|x64.Build.0 = Release|x64
		{25FBBFA2-111A-450C-B5B3-BAD030152CFB}.RelWithDebInfo|x86.ActiveCfg = Release|Win32
		{25FBBFA2-111A-450C-B5B3-BAD030152CFB}.RelWithDebInfo|x86.Build.0 = Release|Win32
		{019EB5B3-30EB-407A-97E1-BA52530A5859}.Debug|x64.ActiveCfg = Debug|x64
		{019EB5B3-30EB-407A-97E1-BA52530A5859}.Debug|x64.Build.0 = Debug|x64
		{019EB5B3-30EB-407A-97E1-BA52530A5859}.Debug|x86.ActiveCfg = Debug|Win32
		{019EB5B3-30EB-407A-97E1-BA52530A5859}.Debug|x86.Build.0 = Debug|Win32
		{019EB5B3-30EB-407A-97E1-BA52530A5859}.MinSizeRel|x64.ActiveCfg = Release|x64
		{019EB5B3-30EB-407A-97E1-BA52530A5859}.MinSizeRel|x64.Build.0 = Release|x64
		{019EB5B3-30EB-407A-97E1-BA52530A5859}.MinSizeRel|x86.ActiveCfg = Release|Win32
		{019EB5B3-30EB-407A-97E1-BA52530A5859}.MinSizeRel|x86.Build.0 = Release|Win32
		{019EB5B3-30EB-407A-97E1-BA52530A5859}.Release|x64.ActiveCfg = Release|x64
		{019EB5B3-30EB-407A-97E1-BA52530A5859}.Release|x64.Build.0 = Release|x64
		{019EB5B3-30EB-407A-97E1-BA52530A5859}.Release|x86.ActiveCfg = Release|Win32
		{019EB5B3-30EB-407A-97E1-BA52530A5859}.Release|x86.Build.0 = Release|Win32
		{019EB5B3-30EB-407A-97E1-BA52530A5859}.RelWithDebInfo|x64.ActiveCfg = Release|x64
		{019EB5B3-30EB-407A-97E1-BA52530A5859}.RelWithDebInfo|x64.Build.0 = Release|x64
		{019EB5B3-30EB-407A-97E1-BA52530A5859}.RelWithDebInfo|x86.ActiveCfg = Release|Win32
		{019EB5B3-30EB-407A-97E1-BA52530A5859}.RelWithDebInfo|x86.Build.0 = Release|Win32
		{D8478C1A-E27A-4A2F-81A0-AB283DEFF043}.Debug|x64.ActiveCfg = Debug|x64
		{D8478C1A-E27A-4A2F-81A0-AB283DEFF043}.Debug|x64.Build.0 = Debug|x64
		{D8478C1A-E27A-4A2F-81A0-AB283DEFF043}.Debug|x86.ActiveCfg = Debug|Win32
		{D8478C1A-E27A-4A2F-81A0-AB283DEFF043}.Debug|x86.Build.0 = Debug|Win32
		{D8478C1A-E27A-4A2F-81A0-AB283DEFF043}.MinSizeRel|x64.ActiveCfg = Release|x64
		{D8478C1A-E27A-4A2F-81A0-AB283DEFF043}.MinSizeRel|x64.Build.0 = Release|x64
		{D8478C1A-E27A-4A2F-81A0-AB283DEFF043}.MinSizeRel|x86.ActiveCfg = Release|Win32
		{D8478C1A-E27A-4A2F-81A0-AB283DEFF043}.MinSizeRel|x86.Build.0 = Release|Win32
		{D8478C1A-E27A-4A2F-81A0-AB283DEFF043}.Release|x64.ActiveCfg = Release|x64
		{D8478C1A-E27A-4A2F-81A0-AB283DEFF043}.Release|x64.Build.0 = Release|x64
		{D8478C1A-E27A-4A2F-81A0-AB283DEFF043}.Release|x86.ActiveCfg = Release|Win32
		{D8478C1A-E27A-4A2F-81A0-AB283DEFF043}.Release|x86.Build.0 = Release|Win32
		{D8478C1A-E27A-4A2F-81A0-AB283DEFF043}.RelWithDebInfo|x64.ActiveCfg = Release|x64
		{D8478C1A-E27A-4A2F-81A0-AB283DEFF043}.RelWithDebInfo|x64.Build.0 = Release|x64
		{D8478C1A-E27A-4A2F-81A0-AB283DEFF043}.RelWithDebInfo|x86.ActiveCfg = Release|Win32
		{D8478C1A-E27A-4A2F-81A0-AB283DEFF043}.RelWithDebInfo|x86.Build.0 = Release|Win32
	EndGlobalSection
	GlobalSection(SolutionProperties) = preSolution
		HideSolutionNode = FALSE
	EndGlobalSection
EndGlobal
