<?xml version="1.0" encoding="UTF-8"?>
<Project ToolsVersion="15.0" xmlns="http://schemas.microsoft.com/developer/msbuild/2003">
  <ItemGroup>
    <CustomBuild Include="C:\Users\User\Documents\sentiment_per_tirocinio\sentiment\vs2017\CMakeFiles\3cf2d9e4200fb49e3cc25f014a7eeaf8\RUN_TESTS_force.rule">
      <Filter>CMake Rules</Filter>
    </CustomBuild>
  </ItemGroup>
  <ItemGroup>
    <Filter Include="CMake Rules">
      <UniqueIdentifier>{3FB45E9F-7AFF-318B-AA26-7944CC823406}</UniqueIdentifier>
    </Filter>
  </ItemGroup>
</Project>
